// !$*UTF8*$!
{
	archiveVersion = 1;
	classes = {
	};
	objectVersion = 46;
	objects = {

/* Begin PBXAggregateTarget section */
		63D1FA0E07D76182D90507DF /* Flauto paleolitico di Divije Babe - All */ = {
			isa = PBXAggregateTarget;
			buildConfigurationList = 462FCF9CA9B80F301B003CD4;
			buildPhases = (
			);
			dependencies = (
				93FD5BF57A9FF8A23CCC2290,
				828C6A2BBAC9C0DA80DF6D7F,
				B96256AC5BC3F77B38CB0D17,
				290BE2F564D1EFCFC318AD8F,
				ADCD443A8D422004A2D19F18,
			);
			name = "Flauto paleolitico di Divije Babe - All";
			productName = "Flauto paleolitico di Divije Babe";
		};
/* End PBXAggregateTarget section */

/* Begin PBXBuildFile section */
		0CB139B1B2D2FBB9B634B223 /* include_juce_midi_ci.cpp */ = {isa = PBXBuildFile; fileRef = B4689218A24BB67C251E3916; };
		0CEC7B881F9DF70C80E2898E /* include_juce_audio_processors_headless_ara.cpp */ = {isa = PBXBuildFile; fileRef = 631415FAC9614BB97D2E22FC; };
		0E66614974D0465A6489D85F /* CoreAudio.framework */ = {isa = PBXBuildFile; fileRef = C1FA714ED62433581003F9AD; };
		0FD67D086D5919771AE00325 /* include_juce_gui_basics.mm */ = {isa = PBXBuildFile; fileRef = 75A1C09680683D7457560187; };
		12877DC748A810F4EA547D28 /* MetalKit.framework */ = {isa = PBXBuildFile; fileRef = 7DE20F6B9D840E01077CC2A8; settings = { ATTRIBUTES = (Weak, ); }; };
		2996A64EF1BDCAC6F9890237 /* include_juce_graphics_Sheenbidi.c */ = {isa = PBXBuildFile; fileRef = A2B9E1B198B36D324024A65B; };
		2F07F99A7DFBE57DA80CE4A6 /* CoreAudioKit.framework */ = {isa = PBXBuildFile; fileRef = 5F160B9426907241EA86EC80; };
		30A83BB437FC21E7E6A9F098 /* AudioUnit.framework */ = {isa = PBXBuildFile; fileRef = 7162F47795753242D3AC5C65; };
		30E6CCCD09F464F501D20E5E /* include_juce_data_structures.mm */ = {isa = PBXBuildFile; fileRef = 0F7BB227C6C24529D46FCE4A; };
		3EB99B56E33E672BA4D4D847 /* Foundation.framework */ = {isa = PBXBuildFile; fileRef = 99F5849985CD7622FC93EA4A; };
		41E9CD868B6AF727F4F5EDD1 /* Shared Code */ = {isa = PBXBuildFile; fileRef = 3F87A8BB52E207C6551485E1; };
		487F7BB5466E02247C393612 /* Standalone Plugin */ = {isa = PBXBuildFile; fileRef = 8268E9934CD92AD2FE8FAD2E; };
		4AA3E0AAE37DBB944B465397 /* include_juce_audio_plugin_client_VST3.mm */ = {isa = PBXBuildFile; fileRef = 86894A3ED0CA23E26EFD62AB; };
		57777823CA2FCC2D7FD8AFD5 /* include_juce_graphics_Harfbuzz.cpp */ = {isa = PBXBuildFile; fileRef = 038D71F7F72753A6264D629C; };
		5A65469FB9A85A071879D480 /* VST3 Manifest Helper */ = {isa = PBXBuildFile; fileRef = B15A1DD3F4A99B8CF43DEF88; };
		5B17CC69037BFDBA41C078CA /* Cocoa.framework */ = {isa = PBXBuildFile; fileRef = A526820CC0C0445D3B89A5C3; };
		5EC5F793C6D346E8AA1784AB /* RecentFilesMenuTemplate.nib */ = {isa = PBXBuildFile; fileRef = B767071EC8002FDF49BA19A7; };
		62F80E21C495332F8BC5F1AC /* BinaryData3.cpp */ = {isa = PBXBuildFile; fileRef = 897EA72D2D0FF3A31E22ED17; };
		6CB8F80F3946C5233FFD7E1C /* DiscRecording.framework */ = {isa = PBXBuildFile; fileRef = 9927D9767426CE4BB1471E44; };
		70A05A5A1BA17491E431A225 /* include_juce_events.mm */ = {isa = PBXBuildFile; fileRef = 2CF00828051ABC42AA3086D7; };
		728A9BFBB5A0CE58A102CF31 /* QuartzCore.framework */ = {isa = PBXBuildFile; fileRef = 6A9A8D6C23AE47CBA39F9A97; };
		753F48BBEFB4AACFFE99D31C /* BinaryData.cpp */ = {isa = PBXBuildFile; fileRef = FA25604AF4E1E65B4AA53EA1; };
		75AB6581D75A1CC8BD24B13E /* include_juce_audio_devices.mm */ = {isa = PBXBuildFile; fileRef = 5AE49F44B6C1B3405FC982DF; };
		7D03EAD7A03094C038819E0F /* include_juce_audio_processors_headless_lv2_libs.cpp */ = {isa = PBXBuildFile; fileRef = DDDBAF5138C353DBF6FD8DC3; };
		7E7A76B536A5ACB064BA857D /* BinaryData4.cpp */ = {isa = PBXBuildFile; fileRef = 9EB9575502F3AF91B364B0AC; };
		8108C8A98008D917DF0BB1D4 /* include_juce_audio_plugin_client_ARA.cpp */ = {isa = PBXBuildFile; fileRef = 0DA8BF817F1E5DC1852FBC4E; };
		840553ED9A2882519B3C1F30 /* BinaryData2.cpp */ = {isa = PBXBuildFile; fileRef = 2CB0095D29AF6A9CAE14A47D; };
		842F133114332638B1744994 /* include_juce_audio_plugin_client_AU_2.mm */ = {isa = PBXBuildFile; fileRef = 4B764EF9FBD8422CDFBC215F; };
		875FF31B7DF26EE0577AD412 /* VST3 */ = {isa = PBXBuildFile; fileRef = 71B9641AF10583DDECC85BC4; };
		8793E66AFE1380C3FA676C0B /* Security.framework */ = {isa = PBXBuildFile; fileRef = E688CE215E040C68EFE2780F; };
		8840303EC543D3F37A1DA445 /* Metal.framework */ = {isa = PBXBuildFile; fileRef = E1A0791A2C63763BA905F2F8; settings = { ATTRIBUTES = (Weak, ); }; };
		93BDC433917A5022A812B428 /* include_juce_core_CompilationTime.cpp */ = {isa = PBXBuildFile; fileRef = 9123198FE85B07331172BFC5; };
		9CE624DD04FFA4BA92C47D59 /* AU */ = {isa = PBXBuildFile; fileRef = 783EF945D7620C48E0F2682B; };
		9ED2140F01D0109906331BC4 /* include_juce_audio_plugin_client_AU_1.mm */ = {isa = PBXBuildFile; fileRef = E1AF7084ADADA534EC3EC567; };
		A466EEEA0A5D0A0DA43EF997 /* PluginProcessor.cpp */ = {isa = PBXBuildFile; fileRef = 7D508893FA734AE243DDEB4A; };
		AA6BBE4DA0C8521B196C6245 /* IOKit.framework */ = {isa = PBXBuildFile; fileRef = 7F7E512B4447AE26E67CD39C; };
		AED920406F1909EE3266E6E7 /* PluginEditor.cpp */ = {isa = PBXBuildFile; fileRef = 1BF2081B3401B343519A423E; };
		AF07E352149497FB92179859 /* CoreMIDI.framework */ = {isa = PBXBuildFile; fileRef = A0A23AC7977618CBEA431C25; };
		B138E77C35F0FFFEC9F51D7D /* include_juce_audio_processors.mm */ = {isa = PBXBuildFile; fileRef = 2A9335A320D41EC6DA0EB79E; };
		B628DE18AEA7905D709842BD /* include_juce_audio_utils.mm */ = {isa = PBXBuildFile; fileRef = 0D7BE4000C42CD2126983DD9; };
		B6A9CC2313AE5444813B8F13 /* include_juce_animation.cpp */ = {isa = PBXBuildFile; fileRef = 7719A4B2F128D6ED59B85D63; };
		B7DCFA4076A7E6B5783742BA /* include_juce_analytics.cpp */ = {isa = PBXBuildFile; fileRef = C92182F930047B1C1948C39A; };
		BB9E73E3E648E49A5F7035D8 /* include_juce_gui_extra.mm */ = {isa = PBXBuildFile; fileRef = A8F9D660DB3E57B9A2B8A74A; };
		BBD5D640AD016B0733E1396D /* OpenGL.framework */ = {isa = PBXBuildFile; fileRef = 31E94A79313205CAA1660CB3; };
		BEA060ADE023B5C73D4261D2 /* AudioToolbox.framework */ = {isa = PBXBuildFile; fileRef = CAA286B1F5D2D8FCCAF7B8BB; };
		C29EA93F404259A46109976A /* include_juce_opengl.mm */ = {isa = PBXBuildFile; fileRef = C1D0743618566AAEAAA40EF9; };
		C2A9B514F1714BF972165311 /* include_juce_graphics.mm */ = {isa = PBXBuildFile; fileRef = A8155AB8DA89AF35A191FEE4; };
		C571AE19A7907FAD9B43E370 /* include_juce_audio_processors_headless.mm */ = {isa = PBXBuildFile; fileRef = A23EF15677109831241B7B32; };
		C64CAEE1E8650D5D0269C974 /* WebKit.framework */ = {isa = PBXBuildFile; fileRef = 8B32BFDBC04811DDD7963875; };
		CFF57C7E51557C05512AE657 /* Accelerate.framework */ = {isa = PBXBuildFile; fileRef = C57232292CA29751B0C32688; };
		DA74E20C960A7074094FB992 /* include_juce_audio_plugin_client_Standalone.cpp */ = {isa = PBXBuildFile; fileRef = 6BF6084DE18E51A2C263C7D9; };
		DEE5378A648D49B428294A7F /* include_juce_audio_basics.mm */ = {isa = PBXBuildFile; fileRef = D12C4DDB550B228B1C3CCDC5; };
		E2A05644ED40D71E308AE414 /* include_juce_audio_formats.mm */ = {isa = PBXBuildFile; fileRef = 1140E4A0BC621EF749B3B858; };
		EBFC1119424DD7EE180893F5 /* juce_VST3ManifestHelper.mm */ = {isa = PBXBuildFile; fileRef = F50F0F062D45970A99CE8E17; settings = { COMPILER_FLAGS = "-w -DJUCE_SKIP_PRECOMPILED_HEADER"; }; };
		F4EE4A0E2B70547BFC9B8473 /* include_juce_core.mm */ = {isa = PBXBuildFile; fileRef = A655294EFF97BDD802CED0C2; };
/* End PBXBuildFile section */

/* Begin PBXFileReference section */
		038D71F7F72753A6264D629C /* include_juce_graphics_Harfbuzz.cpp */ /* include_juce_graphics_Harfbuzz.cpp */ = {isa = PBXFileReference; lastKnownFileType = sourcecode.cpp.cpp; name = include_juce_graphics_Harfbuzz.cpp; path = ../../JuceLibraryCode/include_juce_graphics_Harfbuzz.cpp; sourceTree = SOURCE_ROOT; };
		0D7BE4000C42CD2126983DD9 /* include_juce_audio_utils.mm */ /* include_juce_audio_utils.mm */ = {isa = PBXFileReference; lastKnownFileType = sourcecode.cpp.objcpp; name = include_juce_audio_utils.mm; path = ../../JuceLibraryCode/include_juce_audio_utils.mm; sourceTree = SOURCE_ROOT; };
		0DA8BF817F1E5DC1852FBC4E /* include_juce_audio_plugin_client_ARA.cpp */ /* include_juce_audio_plugin_client_ARA.cpp */ = {isa = PBXFileReference; lastKnownFileType = sourcecode.cpp.cpp; name = include_juce_audio_plugin_client_ARA.cpp; path = ../../JuceLibraryCode/include_juce_audio_plugin_client_ARA.cpp; sourceTree = SOURCE_ROOT; };
		0F7BB227C6C24529D46FCE4A /* include_juce_data_structures.mm */ /* include_juce_data_structures.mm */ = {isa = PBXFileReference; lastKnownFileType = sourcecode.cpp.objcpp; name = include_juce_data_structures.mm; path = ../../JuceLibraryCode/include_juce_data_structures.mm; sourceTree = SOURCE_ROOT; };
		0FBFA5316D5BBE6535852254 /* juce_analytics */ /* juce_analytics */ = {isa = PBXFileReference; lastKnownFileType = folder; name = juce_analytics; path = ../../JUCE/modules/juce_analytics; sourceTree = SOURCE_ROOT; };
		1140E4A0BC621EF749B3B858 /* include_juce_audio_formats.mm */ /* include_juce_audio_formats.mm */ = {isa = PBXFileReference; lastKnownFileType = sourcecode.cpp.objcpp; name = include_juce_audio_formats.mm; path = ../../JuceLibraryCode/include_juce_audio_formats.mm; sourceTree = SOURCE_ROOT; };
		13988B411062C2C74DE6826F /* 864.71Hz_0_0_1_0_1.wav */ /* 864.71Hz_0_0_1_0_1.wav */ = {isa = PBXFileReference; lastKnownFileType = file.wav; name = 864.71Hz_0_0_1_0_1.wav; path = ../VisualStudio2026/x64/Debug/Data/samples/864.71Hz_0_0_1_0_1.wav; sourceTree = SOURCE_ROOT; };
		182D23BAD650F62D57369C9B /* juce_audio_plugin_client */ /* juce_audio_plugin_client */ = {isa = PBXFileReference; lastKnownFileType = folder; name = juce_audio_plugin_client; path = ../../JUCE/modules/juce_audio_plugin_client; sourceTree = SOURCE_ROOT; };
		1999CBC18171A84EAB868B0C /* AppConfig.h */ /* AppConfig.h */ = {isa = PBXFileReference; lastKnownFileType = sourcecode.c.h; name = AppConfig.h; path = ../../JuceLibraryCode/AppConfig.h; sourceTree = SOURCE_ROOT; };
		1B3BD1A81E6FC9FA7C5D9888 /* 918.75Hz_1_1_0_0_1.wav */ /* 918.75Hz_1_1_0_0_1.wav */ = {isa = PBXFileReference; lastKnownFileType = file.wav; name = 918.75Hz_1_1_0_0_1.wav; path = ../VisualStudio2026/x64/Debug/Data/samples/918.75Hz_1_1_0_0_1.wav; sourceTree = SOURCE_ROOT; };
		1B6BEA22AE8E5679438A4DDD /* juce_audio_processors */ /* juce_audio_processors */ = {isa = PBXFileReference; lastKnownFileType = folder; name = juce_audio_processors; path = ../../JUCE/modules/juce_audio_processors; sourceTree = SOURCE_ROOT; };
		1BF2081B3401B343519A423E /* PluginEditor.cpp */ /* PluginEditor.cpp */ = {isa = PBXFileReference; lastKnownFileType = sourcecode.cpp.cpp; name = PluginEditor.cpp; path = ../../Source/PluginEditor.cpp; sourceTree = SOURCE_ROOT; };
		1D73D6539EE3EB57BF44F675 /* juce_audio_devices */ /* juce_audio_devices */ = {isa = PBXFileReference; lastKnownFileType = folder; name = juce_audio_devices; path = ../../JUCE/modules/juce_audio_devices; sourceTree = SOURCE_ROOT; };
		2A9335A320D41EC6DA0EB79E /* include_juce_audio_processors.mm */ /* include_juce_audio_processors.mm */ = {isa = PBXFileReference; lastKnownFileType = sourcecode.cpp.objcpp; name = include_juce_audio_processors.mm; path = ../../JuceLibraryCode/include_juce_audio_processors.mm; sourceTree = SOURCE_ROOT; };
		2AABE1116371619A67455082 /* Info-VST3.plist */ /* Info-VST3.plist */ = {isa = PBXFileReference; lastKnownFileType = text.plist.xml; name = "Info-VST3.plist"; path = "Info-VST3.plist"; sourceTree = SOURCE_ROOT; };
		2CB0095D29AF6A9CAE14A47D /* BinaryData2.cpp */ /* BinaryData2.cpp */ = {isa = PBXFileReference; lastKnownFileType = sourcecode.cpp.cpp; name = BinaryData2.cpp; path = ../../JuceLibraryCode/BinaryData2.cpp; sourceTree = SOURCE_ROOT; };
		2CF00828051ABC42AA3086D7 /* include_juce_events.mm */ /* include_juce_events.mm */ = {isa = PBXFileReference; lastKnownFileType = sourcecode.cpp.objcpp; name = include_juce_events.mm; path = ../../JuceLibraryCode/include_juce_events.mm; sourceTree = SOURCE_ROOT; };
		2F217DAF7EB397E756BD88F5 /* juce_gui_basics */ /* juce_gui_basics */ = {isa = PBXFileReference; lastKnownFileType = folder; name = juce_gui_basics; path = ../../JUCE/modules/juce_gui_basics; sourceTree = SOURCE_ROOT; };
		31E94A79313205CAA1660CB3 /* OpenGL.framework */ /* OpenGL.framework */ = {isa = PBXFileReference; lastKnownFileType = wrapper.framework; name = OpenGL.framework; path = System/Library/Frameworks/OpenGL.framework; sourceTree = SDKROOT; };
		34E2E0878E3FE2895CF7E016 /* 918.75Hz_1_1_0_1_1.wav */ /* 918.75Hz_1_1_0_1_1.wav */ = {isa = PBXFileReference; lastKnownFileType = file.wav; name = 918.75Hz_1_1_0_1_1.wav; path = ../VisualStudio2026/x64/Debug/Data/samples/918.75Hz_1_1_0_1_1.wav; sourceTree = SOURCE_ROOT; };
		374BB33A83107DE37FA33746 /* 882.00Hz_1_0_0_1_1.wav */ /* 882.00Hz_1_0_0_1_1.wav */ = {isa = PBXFileReference; lastKnownFileType = file.wav; name = 882.00Hz_1_0_0_1_1.wav; path = ../VisualStudio2026/x64/Debug/Data/samples/882.00Hz_1_0_0_1_1.wav; sourceTree = SOURCE_ROOT; };
		3AABBBBFCCA5DD1F410E5A7C /* 918.75Hz_0_1_0_1_1.wav */ /* 918.75Hz_0_1_0_1_1.wav */ = {isa = PBXFileReference; lastKnownFileType = file.wav; name = 918.75Hz_0_1_0_1_1.wav; path = ../VisualStudio2026/x64/Debug/Data/samples/918.75Hz_0_1_0_1_1.wav; sourceTree = SOURCE_ROOT; };
		3E6CF2F02B0C9C18C9E9D955 /* 918.75Hz_0_0_0_1_0.wav */ /* 918.75Hz_0_0_0_1_0.wav */ = {isa = PBXFileReference; lastKnownFileType = file.wav; name = 918.75Hz_0_0_0_1_0.wav; path = ../VisualStudio2026/x64/Debug/Data/samples/918.75Hz_0_0_0_1_0.wav; sourceTree = SOURCE_ROOT; };
		3F34CB2F6B49AD42BFC30339 /* 918.75Hz_1_1_0_1_0.wav */ /* 918.75Hz_1_1_0_1_0.wav */ = {isa = PBXFileReference; lastKnownFileType = file.wav; name = 918.75Hz_1_1_0_1_0.wav; path = ../VisualStudio2026/x64/Debug/Data/samples/918.75Hz_1_1_0_1_0.wav; sourceTree = SOURCE_ROOT; };
		3F87A8BB52E207C6551485E1 /* Shared Code */ = {isa = PBXFileReference; explicitFileType = archive.ar; includeInIndex = 0; path = "libFlauto paleolitico di Divije Babe.a"; sourceTree = BUILT_PRODUCTS_DIR; };
		447DDB483B2BE50D8B39A760 /* juce_animation */ /* juce_animation */ = {isa = PBXFileReference; lastKnownFileType = folder; name = juce_animation; path = ../../JUCE/modules/juce_animation; sourceTree = SOURCE_ROOT; };
		48408EBDD6FABEFCD793AF54 /* Info-VST3_Manifest_Helper.plist */ /* Info-VST3_Manifest_Helper.plist */ = {isa = PBXFileReference; lastKnownFileType = text.plist.xml; name = "Info-VST3_Manifest_Helper.plist"; path = "Info-VST3_Manifest_Helper.plist"; sourceTree = SOURCE_ROOT; };
		4B764EF9FBD8422CDFBC215F /* include_juce_audio_plugin_client_AU_2.mm */ /* include_juce_audio_plugin_client_AU_2.mm */ = {isa = PBXFileReference; lastKnownFileType = sourcecode.cpp.objcpp; name = include_juce_audio_plugin_client_AU_2.mm; path = ../../JuceLibraryCode/include_juce_audio_plugin_client_AU_2.mm; sourceTree = SOURCE_ROOT; };
		4D4A61E352E52CB0FD314E40 /* flauto.jpg */ /* flauto.jpg */ = {isa = PBXFileReference; lastKnownFileType = image.jpeg; name = flauto.jpg; path = ../VisualStudio2026/x64/Debug/Data/flauto.jpg; sourceTree = SOURCE_ROOT; };
		54F5CE8634150B9B60AF3BBC /* PluginEditor.h */ /* PluginEditor.h */ = {isa = PBXFileReference; lastKnownFileType = sourcecode.c.h; name = PluginEditor.h; path = ../../Source/PluginEditor.h; sourceTree = SOURCE_ROOT; };
		58F18A346C4BB7944CA6893C /* 918.75Hz_0_1_0_0_1.wav */ /* 918.75Hz_0_1_0_0_1.wav */ = {isa = PBXFileReference; lastKnownFileType = file.wav; name = 918.75Hz_0_1_0_0_1.wav; path = ../VisualStudio2026/x64/Debug/Data/samples/918.75Hz_0_1_0_0_1.wav; sourceTree = SOURCE_ROOT; };
		5AE49F44B6C1B3405FC982DF /* include_juce_audio_devices.mm */ /* include_juce_audio_devices.mm */ = {isa = PBXFileReference; lastKnownFileType = sourcecode.cpp.objcpp; name = include_juce_audio_devices.mm; path = ../../JuceLibraryCode/include_juce_audio_devices.mm; sourceTree = SOURCE_ROOT; };
		5F160B9426907241EA86EC80 /* CoreAudioKit.framework */ /* CoreAudioKit.framework */ = {isa = PBXFileReference; lastKnownFileType = wrapper.framework; name = CoreAudioKit.framework; path = System/Library/Frameworks/CoreAudioKit.framework; sourceTree = SDKROOT; };
		631415FAC9614BB97D2E22FC /* include_juce_audio_processors_headless_ara.cpp */ /* include_juce_audio_processors_headless_ara.cpp */ = {isa = PBXFileReference; lastKnownFileType = sourcecode.cpp.cpp; name = include_juce_audio_processors_headless_ara.cpp; path = ../../JuceLibraryCode/include_juce_audio_processors_headless_ara.cpp; sourceTree = SOURCE_ROOT; };
		6A62F16C164A253862AD7624 /* 918.75Hz_1_1_1_0_1.wav */ /* 918.75Hz_1_1_1_0_1.wav */ = {isa = PBXFileReference; lastKnownFileType = file.wav; name = 918.75Hz_1_1_1_0_1.wav; path = ../VisualStudio2026/x64/Debug/Data/samples/918.75Hz_1_1_1_0_1.wav; sourceTree = SOURCE_ROOT; };
		6A9A8D6C23AE47CBA39F9A97 /* QuartzCore.framework */ /* QuartzCore.framework */ = {isa = PBXFileReference; lastKnownFileType = wrapper.framework; name = QuartzCore.framework; path = System/Library/Frameworks/QuartzCore.framework; sourceTree = SDKROOT; };
		6BF6084DE18E51A2C263C7D9 /* include_juce_audio_plugin_client_Standalone.cpp */ /* include_juce_audio_plugin_client_Standalone.cpp */ = {isa = PBXFileReference; lastKnownFileType = sourcecode.cpp.cpp; name = include_juce_audio_plugin_client_Standalone.cpp; path = ../../JuceLibraryCode/include_juce_audio_plugin_client_Standalone.cpp; sourceTree = SOURCE_ROOT; };
		6CF7CBE3386C20A066D46E20 /* juce_opengl */ /* juce_opengl */ = {isa = PBXFileReference; lastKnownFileType = folder; name = juce_opengl; path = ../../JUCE/modules/juce_opengl; sourceTree = SOURCE_ROOT; };
		6EF9694EB0C24A0FA93E77DE /* 918.75Hz_1_1_1_0_0.wav */ /* 918.75Hz_1_1_1_0_0.wav */ = {isa = PBXFileReference; lastKnownFileType = file.wav; name = 918.75Hz_1_1_1_0_0.wav; path = ../VisualStudio2026/x64/Debug/Data/samples/918.75Hz_1_1_1_0_0.wav; sourceTree = SOURCE_ROOT; };
		7162F47795753242D3AC5C65 /* AudioUnit.framework */ /* AudioUnit.framework */ = {isa = PBXFileReference; lastKnownFileType = wrapper.framework; name = AudioUnit.framework; path = System/Library/Frameworks/AudioUnit.framework; sourceTree = SDKROOT; };
		71B9641AF10583DDECC85BC4 /* VST3 */ = {isa = PBXFileReference; explicitFileType = wrapper.cfbundle; includeInIndex = 0; path = "Flauto paleolitico di Divije Babe.vst3"; sourceTree = BUILT_PRODUCTS_DIR; };
		72BFB7862EAF1227779112A7 /* juce_gui_extra */ /* juce_gui_extra */ = {isa = PBXFileReference; lastKnownFileType = folder; name = juce_gui_extra; path = ../../JUCE/modules/juce_gui_extra; sourceTree = SOURCE_ROOT; };
		74BF3EC42708A9488BF5B829 /* PluginProcessor.h */ /* PluginProcessor.h */ = {isa = PBXFileReference; lastKnownFileType = sourcecode.c.h; name = PluginProcessor.h; path = ../../Source/PluginProcessor.h; sourceTree = SOURCE_ROOT; };
		75A1C09680683D7457560187 /* include_juce_gui_basics.mm */ /* include_juce_gui_basics.mm */ = {isa = PBXFileReference; lastKnownFileType = sourcecode.cpp.objcpp; name = include_juce_gui_basics.mm; path = ../../JuceLibraryCode/include_juce_gui_basics.mm; sourceTree = SOURCE_ROOT; };
		7719A4B2F128D6ED59B85D63 /* include_juce_animation.cpp */ /* include_juce_animation.cpp */ = {isa = PBXFileReference; lastKnownFileType = sourcecode.cpp.cpp; name = include_juce_animation.cpp; path = ../../JuceLibraryCode/include_juce_animation.cpp; sourceTree = SOURCE_ROOT; };
		783EF945D7620C48E0F2682B /* AU */ = {isa = PBXFileReference; explicitFileType = wrapper.cfbundle; includeInIndex = 0; path = "Flauto paleolitico di Divije Babe.component"; sourceTree = BUILT_PRODUCTS_DIR; };
		7938DDD09EB504268261035D /* Info-AU.plist */ /* Info-AU.plist */ = {isa = PBXFileReference; lastKnownFileType = text.plist.xml; name = "Info-AU.plist"; path = "Info-AU.plist"; sourceTree = SOURCE_ROOT; };
		79B0F2E91AB77EE42FBC8C83 /* JuceHeader.h */ /* JuceHeader.h */ = {isa = PBXFileReference; lastKnownFileType = sourcecode.c.h; name = JuceHeader.h; path = ../../JuceLibraryCode/JuceHeader.h; sourceTree = SOURCE_ROOT; };
		7CD9B1614972024B71A72A25 /* juce_data_structures */ /* juce_data_structures */ = {isa = PBXFileReference; lastKnownFileType = folder; name = juce_data_structures; path = ../../JUCE/modules/juce_data_structures; sourceTree = SOURCE_ROOT; };
		7D508893FA734AE243DDEB4A /* PluginProcessor.cpp */ /* PluginProcessor.cpp */ = {isa = PBXFileReference; lastKnownFileType = sourcecode.cpp.cpp; name = PluginProcessor.cpp; path = ../../Source/PluginProcessor.cpp; sourceTree = SOURCE_ROOT; };
		7DE20F6B9D840E01077CC2A8 /* MetalKit.framework */ /* MetalKit.framework */ = {isa = PBXFileReference; lastKnownFileType = wrapper.framework; name = MetalKit.framework; path = System/Library/Frameworks/MetalKit.framework; sourceTree = SDKROOT; };
		7F7E512B4447AE26E67CD39C /* IOKit.framework */ /* IOKit.framework */ = {isa = PBXFileReference; lastKnownFileType = wrapper.framework; name = IOKit.framework; path = System/Library/Frameworks/IOKit.framework; sourceTree = SDKROOT; };
		8268E9934CD92AD2FE8FAD2E /* Standalone Plugin */ = {isa = PBXFileReference; explicitFileType = wrapper.application; includeInIndex = 0; path = "Flauto paleolitico di Divije Babe.app"; sourceTree = BUILT_PRODUCTS_DIR; };
		833E4379AF1762537CDDF83A /* 918.75Hz_0_0_0_1_1.wav */ /* 918.75Hz_0_0_0_1_1.wav */ = {isa = PBXFileReference; lastKnownFileType = file.wav; name = 918.75Hz_0_0_0_1_1.wav; path = ../VisualStudio2026/x64/Debug/Data/samples/918.75Hz_0_0_0_1_1.wav; sourceTree = SOURCE_ROOT; };
		86894A3ED0CA23E26EFD62AB /* include_juce_audio_plugin_client_VST3.mm */ /* include_juce_audio_plugin_client_VST3.mm */ = {isa = PBXFileReference; lastKnownFileType = sourcecode.cpp.objcpp; name = include_juce_audio_plugin_client_VST3.mm; path = ../../JuceLibraryCode/include_juce_audio_plugin_client_VST3.mm; sourceTree = SOURCE_ROOT; };
		88AF8AD6CADF0D5F9A68A759 /* juce_audio_basics */ /* juce_audio_basics */ = {isa = PBXFileReference; lastKnownFileType = folder; name = juce_audio_basics; path = ../../JUCE/modules/juce_audio_basics; sourceTree = SOURCE_ROOT; };
		897EA72D2D0FF3A31E22ED17 /* BinaryData3.cpp */ /* BinaryData3.cpp */ = {isa = PBXFileReference; lastKnownFileType = sourcecode.cpp.cpp; name = BinaryData3.cpp; path = ../../JuceLibraryCode/BinaryData3.cpp; sourceTree = SOURCE_ROOT; };
		8B32BFDBC04811DDD7963875 /* WebKit.framework */ /* WebKit.framework */ = {isa = PBXFileReference; lastKnownFileType = wrapper.framework; name = WebKit.framework; path = System/Library/Frameworks/WebKit.framework; sourceTree = SDKROOT; };
		8D109F6197F64B14DB5FD65E /* 466.67Hz_1_1_0_0_0.wav */ /* 466.67Hz_1_1_0_0_0.wav */ = {isa = PBXFileReference; lastKnownFileType = file.wav; name = 466.67Hz_1_1_0_0_0.wav; path = ../VisualStudio2026/x64/Debug/Data/samples/466.67Hz_1_1_0_0_0.wav; sourceTree = SOURCE_ROOT; };
		9123198FE85B07331172BFC5 /* include_juce_core_CompilationTime.cpp */ /* include_juce_core_CompilationTime.cpp */ = {isa = PBXFileReference; lastKnownFileType = sourcecode.cpp.cpp; name = include_juce_core_CompilationTime.cpp; path = ../../JuceLibraryCode/include_juce_core_CompilationTime.cpp; sourceTree = SOURCE_ROOT; };
		944509502FCFE31C3D119273 /* Info-Standalone_Plugin.plist */ /* Info-Standalone_Plugin.plist */ = {isa = PBXFileReference; lastKnownFileType = text.plist.xml; name = "Info-Standalone_Plugin.plist"; path = "Info-Standalone_Plugin.plist"; sourceTree = SOURCE_ROOT; };
		9927D9767426CE4BB1471E44 /* DiscRecording.framework */ /* DiscRecording.framework */ = {isa = PBXFileReference; lastKnownFileType = wrapper.framework; name = DiscRecording.framework; path = System/Library/Frameworks/DiscRecording.framework; sourceTree = SDKROOT; };
		99F5849985CD7622FC93EA4A /* Foundation.framework */ /* Foundation.framework */ = {isa = PBXFileReference; lastKnownFileType = wrapper.framework; name = Foundation.framework; path = System/Library/Frameworks/Foundation.framework; sourceTree = SDKROOT; };
		9B75FC9B5D83E5900427C821 /* 608.28Hz_0_1_0_0_0.wav */ /* 608.28Hz_0_1_0_0_0.wav */ = {isa = PBXFileReference; lastKnownFileType = file.wav; name = 608.28Hz_0_1_0_0_0.wav; path = ../VisualStudio2026/x64/Debug/Data/samples/608.28Hz_0_1_0_0_0.wav; sourceTree = SOURCE_ROOT; };
		9EB9575502F3AF91B364B0AC /* BinaryData4.cpp */ /* BinaryData4.cpp */ = {isa = PBXFileReference; lastKnownFileType = sourcecode.cpp.cpp; name = BinaryData4.cpp; path = ../../JuceLibraryCode/BinaryData4.cpp; sourceTree = SOURCE_ROOT; };
		A0A23AC7977618CBEA431C25 /* CoreMIDI.framework */ /* CoreMIDI.framework */ = {isa = PBXFileReference; lastKnownFileType = wrapper.framework; name = CoreMIDI.framework; path = System/Library/Frameworks/CoreMIDI.framework; sourceTree = SDKROOT; };
		A23EF15677109831241B7B32 /* include_juce_audio_processors_headless.mm */ /* include_juce_audio_processors_headless.mm */ = {isa = PBXFileReference; lastKnownFileType = sourcecode.cpp.objcpp; name = include_juce_audio_processors_headless.mm; path = ../../JuceLibraryCode/include_juce_audio_processors_headless.mm; sourceTree = SOURCE_ROOT; };
		A2B9E1B198B36D324024A65B /* include_juce_graphics_Sheenbidi.c */ /* include_juce_graphics_Sheenbidi.c */ = {isa = PBXFileReference; lastKnownFileType = sourcecode.c.c; name = include_juce_graphics_Sheenbidi.c; path = ../../JuceLibraryCode/include_juce_graphics_Sheenbidi.c; sourceTree = SOURCE_ROOT; };
		A4EF491BB2A04EC64E4161F9 /* 454.64Hz_0_1_1_0_1.wav */ /* 454.64Hz_0_1_1_0_1.wav */ = {isa = PBXFileReference; lastKnownFileType = file.wav; name = 454.64Hz_0_1_1_0_1.wav; path = ../VisualStudio2026/x64/Debug/Data/samples/454.64Hz_0_1_1_0_1.wav; sourceTree = SOURCE_ROOT; };
		A526820CC0C0445D3B89A5C3 /* Cocoa.framework */ /* Cocoa.framework */ = {isa = PBXFileReference; lastKnownFileType = wrapper.framework; name = Cocoa.framework; path = System/Library/Frameworks/Cocoa.framework; sourceTree = SDKROOT; };
		A655294EFF97BDD802CED0C2 /* include_juce_core.mm */ /* include_juce_core.mm */ = {isa = PBXFileReference; lastKnownFileType = sourcecode.cpp.objcpp; name = include_juce_core.mm; path = ../../JuceLibraryCode/include_juce_core.mm; sourceTree = SOURCE_ROOT; };
		A763FC71041DDBA1FD1C4432 /* juce_midi_ci */ /* juce_midi_ci */ = {isa = PBXFileReference; lastKnownFileType = folder; name = juce_midi_ci; path = ../../JUCE/modules/juce_midi_ci; sourceTree = SOURCE_ROOT; };
		A8155AB8DA89AF35A191FEE4 /* include_juce_graphics.mm */ /* include_juce_graphics.mm */ = {isa = PBXFileReference; lastKnownFileType = sourcecode.cpp.objcpp; name = include_juce_graphics.mm; path = ../../JuceLibraryCode/include_juce_graphics.mm; sourceTree = SOURCE_ROOT; };
		A8F9D660DB3E57B9A2B8A74A /* include_juce_gui_extra.mm */ /* include_juce_gui_extra.mm */ = {isa = PBXFileReference; lastKnownFileType = sourcecode.cpp.objcpp; name = include_juce_gui_extra.mm; path = ../../JuceLibraryCode/include_juce_gui_extra.mm; sourceTree = SOURCE_ROOT; };
		AF43EA1B68AADF79A5447150 /* 464.21Hz_0_1_1_1_1.wav */ /* 464.21Hz_0_1_1_1_1.wav */ = {isa = PBXFileReference; lastKnownFileType = file.wav; name = 464.21Hz_0_1_1_1_1.wav; path = ../VisualStudio2026/x64/Debug/Data/samples/464.21Hz_0_1_1_1_1.wav; sourceTree = SOURCE_ROOT; };
		B15A1DD3F4A99B8CF43DEF88 /* VST3 Manifest Helper */ = {isa = PBXFileReference; explicitFileType = "compiled.mach-o.executable"; includeInIndex = 0; path = juce_vst3_helper; sourceTree = BUILT_PRODUCTS_DIR; };
		B4689218A24BB67C251E3916 /* include_juce_midi_ci.cpp */ /* include_juce_midi_ci.cpp */ = {isa = PBXFileReference; lastKnownFileType = sourcecode.cpp.cpp; name = include_juce_midi_ci.cpp; path = ../../JuceLibraryCode/include_juce_midi_ci.cpp; sourceTree = SOURCE_ROOT; };
		B767071EC8002FDF49BA19A7 /* RecentFilesMenuTemplate.nib */ /* RecentFilesMenuTemplate.nib */ = {isa = PBXFileReference; lastKnownFileType = file.nib; name = RecentFilesMenuTemplate.nib; path = RecentFilesMenuTemplate.nib; sourceTree = SOURCE_ROOT; };
		B76F027E1A1BC371A469D23A /* 426.09Hz_1_0_0_0_1.wav */ /* 426.09Hz_1_0_0_0_1.wav */ = {isa = PBXFileReference; lastKnownFileType = file.wav; name = 426.09Hz_1_0_0_0_1.wav; path = ../VisualStudio2026/x64/Debug/Data/samples/426.09Hz_1_0_0_0_1.wav; sourceTree = SOURCE_ROOT; };
		B82D7AEBC9AB88E3A5C40CED /* juce_graphics */ /* juce_graphics */ = {isa = PBXFileReference; lastKnownFileType = folder; name = juce_graphics; path = ../../JUCE/modules/juce_graphics; sourceTree = SOURCE_ROOT; };
		B879657A678FAF7CC777B2C3 /* juce_audio_processors_headless */ /* juce_audio_processors_headless */ = {isa = PBXFileReference; lastKnownFileType = folder; name = juce_audio_processors_headless; path = ../../JUCE/modules/juce_audio_processors_headless; sourceTree = SOURCE_ROOT; };
		BBFB064604D87129ED59D5D6 /* 918.75Hz_1_0_1_1_1.wav */ /* 918.75Hz_1_0_1_1_1.wav */ = {isa = PBXFileReference; lastKnownFileType = file.wav; name = 918.75Hz_1_0_1_1_1.wav; path = ../VisualStudio2026/x64/Debug/Data/samples/918.75Hz_1_0_1_1_1.wav; sourceTree = SOURCE_ROOT; };
		BCBDFBE57C10304F9B4E1F01 /* BinaryData.h */ /* BinaryData.h */ = {isa = PBXFileReference; lastKnownFileType = sourcecode.c.h; name = BinaryData.h; path = ../../JuceLibraryCode/BinaryData.h; sourceTree = SOURCE_ROOT; };
		BF20A5146F1F9B349D4C2640 /* juce_events */ /* juce_events */ = {isa = PBXFileReference; lastKnownFileType = folder; name = juce_events; path = ../../JUCE/modules/juce_events; sourceTree = SOURCE_ROOT; };
		C0953F4215F21AF35E982FB5 /* 426.09Hz_1_0_1_0_0.wav */ /* 426.09Hz_1_0_1_0_0.wav */ = {isa = PBXFileReference; lastKnownFileType = file.wav; name = 426.09Hz_1_0_1_0_0.wav; path = ../VisualStudio2026/x64/Debug/Data/samples/426.09Hz_1_0_1_0_0.wav; sourceTree = SOURCE_ROOT; };
		C1D0743618566AAEAAA40EF9 /* include_juce_opengl.mm */ /* include_juce_opengl.mm */ = {isa = PBXFileReference; lastKnownFileType = sourcecode.cpp.objcpp; name = include_juce_opengl.mm; path = ../../JuceLibraryCode/include_juce_opengl.mm; sourceTree = SOURCE_ROOT; };
		C1FA714ED62433581003F9AD /* CoreAudio.framework */ /* CoreAudio.framework */ = {isa = PBXFileReference; lastKnownFileType = wrapper.framework; name = CoreAudio.framework; path = System/Library/Frameworks/CoreAudio.framework; sourceTree = SDKROOT; };
		C304263729644D49689624CA /* 668.18Hz_0_1_1_1_0.wav */ /* 668.18Hz_0_1_1_1_0.wav */ = {isa = PBXFileReference; lastKnownFileType = file.wav; name = 668.18Hz_0_1_1_1_0.wav; path = ../VisualStudio2026/x64/Debug/Data/samples/668.18Hz_0_1_1_1_0.wav; sourceTree = SOURCE_ROOT; };
		C57232292CA29751B0C32688 /* Accelerate.framework */ /* Accelerate.framework */ = {isa = PBXFileReference; lastKnownFileType = wrapper.framework; name = Accelerate.framework; path = System/Library/Frameworks/Accelerate.framework; sourceTree = SDKROOT; };
		C909871F8130492626A05082 /* 918.75Hz_0_1_0_1_0.wav */ /* 918.75Hz_0_1_0_1_0.wav */ = {isa = PBXFileReference; lastKnownFileType = file.wav; name = 918.75Hz_0_1_0_1_0.wav; path = ../VisualStudio2026/x64/Debug/Data/samples/918.75Hz_0_1_0_1_0.wav; sourceTree = SOURCE_ROOT; };
		C92182F930047B1C1948C39A /* include_juce_analytics.cpp */ /* include_juce_analytics.cpp */ = {isa = PBXFileReference; lastKnownFileType = sourcecode.cpp.cpp; name = include_juce_analytics.cpp; path = ../../JuceLibraryCode/include_juce_analytics.cpp; sourceTree = SOURCE_ROOT; };
		CAA286B1F5D2D8FCCAF7B8BB /* AudioToolbox.framework */ /* AudioToolbox.framework */ = {isa = PBXFileReference; lastKnownFileType = wrapper.framework; name = AudioToolbox.framework; path = System/Library/Frameworks/AudioToolbox.framework; sourceTree = SDKROOT; };
		CD55A30834FC8968793FDEBA /* 864.71Hz_0_0_1_1_1.wav */ /* 864.71Hz_0_0_1_1_1.wav */ = {isa = PBXFileReference; lastKnownFileType = file.wav; name = 864.71Hz_0_0_1_1_1.wav; path = ../VisualStudio2026/x64/Debug/Data/samples/864.71Hz_0_0_1_1_1.wav; sourceTree = SOURCE_ROOT; };
		CDA777403302BD11E4D8CEF9 /* juce_core */ /* juce_core */ = {isa = PBXFileReference; lastKnownFileType = folder; name = juce_core; path = ../../JUCE/modules/juce_core; sourceTree = SOURCE_ROOT; };
		CDC1A06466657A01FFB87CB7 /* 426.09Hz_1_0_0_1_0.wav */ /* 426.09Hz_1_0_0_1_0.wav */ = {isa = PBXFileReference; lastKnownFileType = file.wav; name = 426.09Hz_1_0_0_1_0.wav; path = ../VisualStudio2026/x64/Debug/Data/samples/426.09Hz_1_0_0_1_0.wav; sourceTree = SOURCE_ROOT; };
		D12C4DDB550B228B1C3CCDC5 /* include_juce_audio_basics.mm */ /* include_juce_audio_basics.mm */ = {isa = PBXFileReference; lastKnownFileType = sourcecode.cpp.objcpp; name = include_juce_audio_basics.mm; path = ../../JuceLibraryCode/include_juce_audio_basics.mm; sourceTree = SOURCE_ROOT; };
		D2B4553097990543B72419F5 /* 958.70Hz_0_0_1_0_0.wav */ /* 958.70Hz_0_0_1_0_0.wav */ = {isa = PBXFileReference; lastKnownFileType = file.wav; name = 958.70Hz_0_0_1_0_0.wav; path = ../VisualStudio2026/x64/Debug/Data/samples/958.70Hz_0_0_1_0_0.wav; sourceTree = SOURCE_ROOT; };
		D80C2EC9233D304360D8B573 /* JucePluginDefines.h */ /* JucePluginDefines.h */ = {isa = PBXFileReference; lastKnownFileType = sourcecode.c.h; name = JucePluginDefines.h; path = ../../JuceLibraryCode/JucePluginDefines.h; sourceTree = SOURCE_ROOT; };
		DDDBAF5138C353DBF6FD8DC3 /* include_juce_audio_processors_headless_lv2_libs.cpp */ /* include_juce_audio_processors_headless_lv2_libs.cpp */ = {isa = PBXFileReference; lastKnownFileType = sourcecode.cpp.cpp; name = include_juce_audio_processors_headless_lv2_libs.cpp; path = ../../JuceLibraryCode/include_juce_audio_processors_headless_lv2_libs.cpp; sourceTree = SOURCE_ROOT; };
		DE0A7A889AC5CCED6DFD846C /* 918.75Hz_1_1_1_1_1.wav */ /* 918.75Hz_1_1_1_1_1.wav */ = {isa = PBXFileReference; lastKnownFileType = file.wav; name = 918.75Hz_1_1_1_1_1.wav; path = ../VisualStudio2026/x64/Debug/Data/samples/918.75Hz_1_1_1_1_1.wav; sourceTree = SOURCE_ROOT; };
		DE61D98BCE422CEA16E41710 /* 890.91Hz_1_0_0_0_0.wav */ /* 890.91Hz_1_0_0_0_0.wav */ = {isa = PBXFileReference; lastKnownFileType = file.wav; name = 890.91Hz_1_0_0_0_0.wav; path = ../VisualStudio2026/x64/Debug/Data/samples/890.91Hz_1_0_0_0_0.wav; sourceTree = SOURCE_ROOT; };
		DE7853B9D9C3841D7202CF5A /* 918.75Hz_1_0_1_1_0.wav */ /* 918.75Hz_1_0_1_1_0.wav */ = {isa = PBXFileReference; lastKnownFileType = file.wav; name = 918.75Hz_1_0_1_1_0.wav; path = ../VisualStudio2026/x64/Debug/Data/samples/918.75Hz_1_0_1_1_0.wav; sourceTree = SOURCE_ROOT; };
		E1A0791A2C63763BA905F2F8 /* Metal.framework */ /* Metal.framework */ = {isa = PBXFileReference; lastKnownFileType = wrapper.framework; name = Metal.framework; path = System/Library/Frameworks/Metal.framework; sourceTree = SDKROOT; };
		E1AF7084ADADA534EC3EC567 /* include_juce_audio_plugin_client_AU_1.mm */ /* include_juce_audio_plugin_client_AU_1.mm */ = {isa = PBXFileReference; lastKnownFileType = sourcecode.cpp.objcpp; name = include_juce_audio_plugin_client_AU_1.mm; path = ../../JuceLibraryCode/include_juce_audio_plugin_client_AU_1.mm; sourceTree = SOURCE_ROOT; };
		E27A6DB021F050C65B27D026 /* juce_audio_utils */ /* juce_audio_utils */ = {isa = PBXFileReference; lastKnownFileType = folder; name = juce_audio_utils; path = ../../JUCE/modules/juce_audio_utils; sourceTree = SOURCE_ROOT; };
		E688CE215E040C68EFE2780F /* Security.framework */ /* Security.framework */ = {isa = PBXFileReference; lastKnownFileType = wrapper.framework; name = Security.framework; path = System/Library/Frameworks/Security.framework; sourceTree = SDKROOT; };
		E9AB826D886E5ABABBE13866 /* 864.71Hz_0_0_1_1_0.wav */ /* 864.71Hz_0_0_1_1_0.wav */ = {isa = PBXFileReference; lastKnownFileType = file.wav; name = 864.71Hz_0_0_1_1_0.wav; path = ../VisualStudio2026/x64/Debug/Data/samples/864.71Hz_0_0_1_1_0.wav; sourceTree = SOURCE_ROOT; };
		EC1044CAB38C652C15C001C6 /* 426.09Hz_1_0_1_0_1.wav */ /* 426.09Hz_1_0_1_0_1.wav */ = {isa = PBXFileReference; lastKnownFileType = file.wav; name = 426.09Hz_1_0_1_0_1.wav; path = ../VisualStudio2026/x64/Debug/Data/samples/426.09Hz_1_0_1_0_1.wav; sourceTree = SOURCE_ROOT; };
		ED4752B76287389059E7E84F /* 634.53Hz_0_0_0_0_0.wav */ /* 634.53Hz_0_0_0_0_0.wav */ = {isa = PBXFileReference; lastKnownFileType = file.wav; name = 634.53Hz_0_0_0_0_0.wav; path = ../VisualStudio2026/x64/Debug/Data/samples/634.53Hz_0_0_0_0_0.wav; sourceTree = SOURCE_ROOT; };
		F075BCF2473679E3AC3EBD95 /* 918.75Hz_1_1_1_1_0.wav */ /* 918.75Hz_1_1_1_1_0.wav */ = {isa = PBXFileReference; lastKnownFileType = file.wav; name = 918.75Hz_1_1_1_1_0.wav; path = ../VisualStudio2026/x64/Debug/Data/samples/918.75Hz_1_1_1_1_0.wav; sourceTree = SOURCE_ROOT; };
		F50F0F062D45970A99CE8E17 /* juce_VST3ManifestHelper.mm */ /* juce_VST3ManifestHelper.mm */ = {isa = PBXFileReference; lastKnownFileType = sourcecode.cpp.objcpp; name = juce_VST3ManifestHelper.mm; path = ../../JUCE/modules/juce_audio_plugin_client/VST3/juce_VST3ManifestHelper.mm; sourceTree = SOURCE_ROOT; };
		F73A28A66384FD955450537E /* juce_audio_formats */ /* juce_audio_formats */ = {isa = PBXFileReference; lastKnownFileType = folder; name = juce_audio_formats; path = ../../JUCE/modules/juce_audio_formats; sourceTree = SOURCE_ROOT; };
		FA25604AF4E1E65B4AA53EA1 /* BinaryData.cpp */ /* BinaryData.cpp */ = {isa = PBXFileReference; lastKnownFileType = sourcecode.cpp.cpp; name = BinaryData.cpp; path = ../../JuceLibraryCode/BinaryData.cpp; sourceTree = SOURCE_ROOT; };
		FDEC572948813C5A922A2AC0 /* 426.09Hz_0_1_1_0_0.wav */ /* 426.09Hz_0_1_1_0_0.wav */ = {isa = PBXFileReference; lastKnownFileType = file.wav; name = 426.09Hz_0_1_1_0_0.wav; path = ../VisualStudio2026/x64/Debug/Data/samples/426.09Hz_0_1_1_0_0.wav; sourceTree = SOURCE_ROOT; };
		FE67A98A84E4BC683553191C /* 445.45Hz_0_0_0_0_1.wav */ /* 445.45Hz_0_0_0_0_1.wav */ = {isa = PBXFileReference; lastKnownFileType = file.wav; name = 445.45Hz_0_0_0_0_1.wav; path = ../VisualStudio2026/x64/Debug/Data/samples/445.45Hz_0_0_0_0_1.wav; sourceTree = SOURCE_ROOT; };
/* End PBXFileReference section */

/* Begin PBXFrameworksBuildPhase section */
		165F780ACF1687FD77F07E36 = {
			isa = PBXFrameworksBuildPhase;
			buildActionMask = 2147483647;
			files = (
				CFF57C7E51557C05512AE657,
				BEA060ADE023B5C73D4261D2,
				5B17CC69037BFDBA41C078CA,
				0E66614974D0465A6489D85F,
				2F07F99A7DFBE57DA80CE4A6,
				AF07E352149497FB92179859,
				6CB8F80F3946C5233FFD7E1C,
				3EB99B56E33E672BA4D4D847,
				AA6BBE4DA0C8521B196C6245,
				BBD5D640AD016B0733E1396D,
				728A9BFBB5A0CE58A102CF31,
				8793E66AFE1380C3FA676C0B,
				C64CAEE1E8650D5D0269C974,
				8840303EC543D3F37A1DA445,
				12877DC748A810F4EA547D28,
			);
			runOnlyForDeploymentPostprocessing = 0;
		};
		73CE67FCC3D61EDBE6AA1B6E = {
			isa = PBXFrameworksBuildPhase;
			buildActionMask = 2147483647;
			files = (
				30A83BB437FC21E7E6A9F098,
				CFF57C7E51557C05512AE657,
				BEA060ADE023B5C73D4261D2,
				5B17CC69037BFDBA41C078CA,
				0E66614974D0465A6489D85F,
				2F07F99A7DFBE57DA80CE4A6,
				AF07E352149497FB92179859,
				6CB8F80F3946C5233FFD7E1C,
				3EB99B56E33E672BA4D4D847,
				AA6BBE4DA0C8521B196C6245,
				BBD5D640AD016B0733E1396D,
				728A9BFBB5A0CE58A102CF31,
				8793E66AFE1380C3FA676C0B,
				C64CAEE1E8650D5D0269C974,
				8840303EC543D3F37A1DA445,
				12877DC748A810F4EA547D28,
			);
			runOnlyForDeploymentPostprocessing = 0;
		};
		9DDE15D17889C7A3936B08BF = {
			isa = PBXFrameworksBuildPhase;
			buildActionMask = 2147483647;
			files = (
				CFF57C7E51557C05512AE657,
				BEA060ADE023B5C73D4261D2,
				5B17CC69037BFDBA41C078CA,
				0E66614974D0465A6489D85F,
				2F07F99A7DFBE57DA80CE4A6,
				AF07E352149497FB92179859,
				6CB8F80F3946C5233FFD7E1C,
				3EB99B56E33E672BA4D4D847,
				AA6BBE4DA0C8521B196C6245,
				BBD5D640AD016B0733E1396D,
				728A9BFBB5A0CE58A102CF31,
				8793E66AFE1380C3FA676C0B,
				C64CAEE1E8650D5D0269C974,
				8840303EC543D3F37A1DA445,
				12877DC748A810F4EA547D28,
			);
			runOnlyForDeploymentPostprocessing = 0;
		};
		D7A764E0B41A0817A52CAC07 = {
			isa = PBXFrameworksBuildPhase;
			buildActionMask = 2147483647;
			files = (
				CFF57C7E51557C05512AE657,
				BEA060ADE023B5C73D4261D2,
				5B17CC69037BFDBA41C078CA,
				0E66614974D0465A6489D85F,
				2F07F99A7DFBE57DA80CE4A6,
				AF07E352149497FB92179859,
				6CB8F80F3946C5233FFD7E1C,
				3EB99B56E33E672BA4D4D847,
				AA6BBE4DA0C8521B196C6245,
				BBD5D640AD016B0733E1396D,
				728A9BFBB5A0CE58A102CF31,
				8793E66AFE1380C3FA676C0B,
				C64CAEE1E8650D5D0269C974,
				8840303EC543D3F37A1DA445,
				12877DC748A810F4EA547D28,
			);
			runOnlyForDeploymentPostprocessing = 0;
		};
/* End PBXFrameworksBuildPhase section */

/* Begin PBXGroup section */
		03B24CA5CB387CBFB9B4FA37 /* samples */ = {
			isa = PBXGroup;
			children = (
				FDEC572948813C5A922A2AC0,
				B76F027E1A1BC371A469D23A,
				CDC1A06466657A01FFB87CB7,
				C0953F4215F21AF35E982FB5,
				EC1044CAB38C652C15C001C6,
				FE67A98A84E4BC683553191C,
				A4EF491BB2A04EC64E4161F9,
				AF43EA1B68AADF79A5447150,
				8D109F6197F64B14DB5FD65E,
				9B75FC9B5D83E5900427C821,
				ED4752B76287389059E7E84F,
				C304263729644D49689624CA,
				13988B411062C2C74DE6826F,
				E9AB826D886E5ABABBE13866,
				CD55A30834FC8968793FDEBA,
				374BB33A83107DE37FA33746,
				DE61D98BCE422CEA16E41710,
				3E6CF2F02B0C9C18C9E9D955,
				833E4379AF1762537CDDF83A,
				58F18A346C4BB7944CA6893C,
				C909871F8130492626A05082,
				3AABBBBFCCA5DD1F410E5A7C,
				DE7853B9D9C3841D7202CF5A,
				BBFB064604D87129ED59D5D6,
				1B3BD1A81E6FC9FA7C5D9888,
				3F34CB2F6B49AD42BFC30339,
				34E2E0878E3FE2895CF7E016,
				6EF9694EB0C24A0FA93E77DE,
				6A62F16C164A253862AD7624,
				F075BCF2473679E3AC3EBD95,
				DE0A7A889AC5CCED6DFD846C,
				D2B4553097990543B72419F5,
			);
			name = samples;
			sourceTree = "<group>";
		};
		805D2E5791FC3EB99B017F76 /* JUCE Library Code */ = {
			isa = PBXGroup;
			children = (
				1999CBC18171A84EAB868B0C,
				FA25604AF4E1E65B4AA53EA1,
				BCBDFBE57C10304F9B4E1F01,
				2CB0095D29AF6A9CAE14A47D,
				897EA72D2D0FF3A31E22ED17,
				9EB9575502F3AF91B364B0AC,
				C92182F930047B1C1948C39A,
				7719A4B2F128D6ED59B85D63,
				D12C4DDB550B228B1C3CCDC5,
				5AE49F44B6C1B3405FC982DF,
				1140E4A0BC621EF749B3B858,
				0DA8BF817F1E5DC1852FBC4E,
				E1AF7084ADADA534EC3EC567,
				4B764EF9FBD8422CDFBC215F,
				6BF6084DE18E51A2C263C7D9,
				86894A3ED0CA23E26EFD62AB,
				2A9335A320D41EC6DA0EB79E,
				A23EF15677109831241B7B32,
				631415FAC9614BB97D2E22FC,
				DDDBAF5138C353DBF6FD8DC3,
				0D7BE4000C42CD2126983DD9,
				A655294EFF97BDD802CED0C2,
				9123198FE85B07331172BFC5,
				0F7BB227C6C24529D46FCE4A,
				2CF00828051ABC42AA3086D7,
				A8155AB8DA89AF35A191FEE4,
				038D71F7F72753A6264D629C,
				A2B9E1B198B36D324024A65B,
				75A1C09680683D7457560187,
				A8F9D660DB3E57B9A2B8A74A,
				B4689218A24BB67C251E3916,
				C1D0743618566AAEAAA40EF9,
				79B0F2E91AB77EE42FBC8C83,
				D80C2EC9233D304360D8B573,
			);
			name = "JUCE Library Code";
			sourceTree = "<group>";
		};
		95369CCC59E8E297EF8CAC7C /* Frameworks */ = {
			isa = PBXGroup;
			children = (
				7162F47795753242D3AC5C65,
				C57232292CA29751B0C32688,
				CAA286B1F5D2D8FCCAF7B8BB,
				A526820CC0C0445D3B89A5C3,
				C1FA714ED62433581003F9AD,
				5F160B9426907241EA86EC80,
				A0A23AC7977618CBEA431C25,
				9927D9767426CE4BB1471E44,
				99F5849985CD7622FC93EA4A,
				7F7E512B4447AE26E67CD39C,
				31E94A79313205CAA1660CB3,
				6A9A8D6C23AE47CBA39F9A97,
				E688CE215E040C68EFE2780F,
				8B32BFDBC04811DDD7963875,
				E1A0791A2C63763BA905F2F8,
				7DE20F6B9D840E01077CC2A8,
			);
			name = Frameworks;
			sourceTree = "<group>";
		};
		96033D7361E0AD947ED590A1 /* Flauto paleolitico di Divije Babe */ = {
			isa = PBXGroup;
			children = (
				B248E0DA6019504D4E8772EC,
				A94BFB3B5B2BE4167526A438,
			);
			name = "Flauto paleolitico di Divije Babe";
			sourceTree = "<group>";
		};
		A94BFB3B5B2BE4167526A438 /* Source */ = {
			isa = PBXGroup;
			children = (
				7D508893FA734AE243DDEB4A,
				74BF3EC42708A9488BF5B829,
				1BF2081B3401B343519A423E,
				54F5CE8634150B9B60AF3BBC,
			);
			name = Source;
			sourceTree = "<group>";
		};
		B248E0DA6019504D4E8772EC /* Data */ = {
			isa = PBXGroup;
			children = (
				03B24CA5CB387CBFB9B4FA37,
				4D4A61E352E52CB0FD314E40,
			);
			name = Data;
			sourceTree = "<group>";
		};
		BD96BAF359DCBBD42BE6676F /* Resources */ = {
			isa = PBXGroup;
			children = (
				2AABE1116371619A67455082,
				7938DDD09EB504268261035D,
				944509502FCFE31C3D119273,
				48408EBDD6FABEFCD793AF54,
				B767071EC8002FDF49BA19A7,
			);
			name = Resources;
			sourceTree = "<group>";
		};
		D107EE9842B44626CE709BAC /* Source */ = {
			isa = PBXGroup;
			children = (
				96033D7361E0AD947ED590A1,
				D5777A4D1D052B418EC84EEB,
				805D2E5791FC3EB99B017F76,
				BD96BAF359DCBBD42BE6676F,
				95369CCC59E8E297EF8CAC7C,
				EAD36A3AE33710C05C1117F2,
			);
			name = Source;
			sourceTree = "<group>";
		};
		D5777A4D1D052B418EC84EEB /* JUCE Modules */ = {
			isa = PBXGroup;
			children = (
				0FBFA5316D5BBE6535852254,
				447DDB483B2BE50D8B39A760,
				88AF8AD6CADF0D5F9A68A759,
				1D73D6539EE3EB57BF44F675,
				F73A28A66384FD955450537E,
				182D23BAD650F62D57369C9B,
				1B6BEA22AE8E5679438A4DDD,
				B879657A678FAF7CC777B2C3,
				E27A6DB021F050C65B27D026,
				CDA777403302BD11E4D8CEF9,
				7CD9B1614972024B71A72A25,
				BF20A5146F1F9B349D4C2640,
				B82D7AEBC9AB88E3A5C40CED,
				2F217DAF7EB397E756BD88F5,
				72BFB7862EAF1227779112A7,
				A763FC71041DDBA1FD1C4432,
				6CF7CBE3386C20A066D46E20,
			);
			name = "JUCE Modules";
			sourceTree = "<group>";
		};
		EAD36A3AE33710C05C1117F2 /* Products */ = {
			isa = PBXGroup;
			children = (
				71B9641AF10583DDECC85BC4,
				783EF945D7620C48E0F2682B,
				8268E9934CD92AD2FE8FAD2E,
				3F87A8BB52E207C6551485E1,
				B15A1DD3F4A99B8CF43DEF88,
			);
			name = Products;
			sourceTree = "<group>";
		};
/* End PBXGroup section */

/* Begin PBXNativeTarget section */
		3274D4AA8E9532485B8F931F /* Flauto paleolitico di Divije Babe - Shared Code */ = {
			isa = PBXNativeTarget;
			buildConfigurationList = 0ED157F37746DB89C9E2A624;
			buildPhases = (
				A67AAF74243CB03A9B515134,
			);
			buildRules = (
			);
			dependencies = (
			);
			name = "Flauto paleolitico di Divije Babe - Shared Code";
			productName = "Flauto paleolitico di Divije Babe";
			productReference = 3F87A8BB52E207C6551485E1;
			productType = "com.apple.product-type.library.static";
		};
		74F6FF4FB71E738082AE34EE /* Flauto paleolitico di Divije Babe - VST3 */ = {
			isa = PBXNativeTarget;
			buildConfigurationList = D9014FF9344D391D3AD7D731;
			buildPhases = (
				E6AA87AC1715EF75E65D0F92,
				6AA3C4EF981B5EC06929C5DC,
				D7A764E0B41A0817A52CAC07,
				7F7AAF6C9D1B0D0287D02165,
				B603DB802428BC617BCE5A4D,
			);
			buildRules = (
			);
			dependencies = (
				8FA67CA318B82CA1CD391B76,
				DA1CE2EA27E7BC0D2853587B,
			);
			name = "Flauto paleolitico di Divije Babe - VST3";
			productName = "Flauto paleolitico di Divije Babe";
			productReference = 71B9641AF10583DDECC85BC4;
			productType = "com.apple.product-type.bundle";
		};
		AED7FADFD67A21CB0B77296B /* Flauto paleolitico di Divije Babe - AU */ = {
			isa = PBXNativeTarget;
			buildConfigurationList = F13BBC9B9A1BFE3C7A4C2E3F;
			buildPhases = (
				9A6EEDF0E0929F2650DD9160,
				77222562E918365A3BE333BE,
				73CE67FCC3D61EDBE6AA1B6E,
				5820D5795A0EB8E613F454CB,
			);
			buildRules = (
			);
			dependencies = (
				BFD242ED6A5DAFDC5F1C4D8A,
			);
			name = "Flauto paleolitico di Divije Babe - AU";
			productName = "Flauto paleolitico di Divije Babe";
			productReference = 783EF945D7620C48E0F2682B;
			productType = "com.apple.product-type.bundle";
		};
		B2663CE0F2A726E408702A39 /* Flauto paleolitico di Divije Babe - Standalone Plugin */ = {
			isa = PBXNativeTarget;
			buildConfigurationList = 395DC88C64360C0435FD61F0;
			buildPhases = (
				368F1D2E53650B7203DD66E9,
				425B555242180618ED4E577F,
				165F780ACF1687FD77F07E36,
			);
			buildRules = (
			);
			dependencies = (
				F804564143D39F676A7A5562,
			);
			name = "Flauto paleolitico di Divije Babe - Standalone Plugin";
			productName = "Flauto paleolitico di Divije Babe";
			productReference = 8268E9934CD92AD2FE8FAD2E;
			productType = "com.apple.product-type.application";
		};
		F4BF6254E01B0729ECD0CBAB /* Flauto paleolitico di Divije Babe - VST3 Manifest Helper */ = {
			isa = PBXNativeTarget;
			buildConfigurationList = CFE1535B922A0CC2F17FA848;
			buildPhases = (
				C1B7FFFCF0BAF3A6E6DAE883,
				9DDE15D17889C7A3936B08BF,
			);
			buildRules = (
			);
			dependencies = (
			);
			name = "Flauto paleolitico di Divije Babe - VST3 Manifest Helper";
			productName = "Flauto paleolitico di Divije Babe";
			productReference = B15A1DD3F4A99B8CF43DEF88;
			productType = "com.apple.product-type.tool";
		};
/* End PBXNativeTarget section */

/* Begin PBXProject section */
		BB5E3C8DE7B9C40159CD691A = {
			isa = PBXProject;
			attributes = {
				BuildIndependentTargetsInParallel = YES;
				LastUpgradeCheck = 1340;
				ORGANIZATIONNAME = "AnemosMusic";
				TargetAttributes = {
					3274D4AA8E9532485B8F931F = {
						SystemCapabilities = {
							com.apple.ApplicationGroups.iOS = {
								enabled = 0;
							};
							com.apple.HardenedRuntime = {
								enabled = 0;
							};
							com.apple.InAppPurchase = {
								enabled = 0;
							};
							com.apple.InterAppAudio = {
								enabled = 0;
							};
							com.apple.Push = {
								enabled = 0;
							};
							com.apple.Sandbox = {
								enabled = 0;
							};
						};
					};
					63D1FA0E07D76182D90507DF = {
						SystemCapabilities = {
							com.apple.ApplicationGroups.iOS = {
								enabled = 0;
							};
							com.apple.HardenedRuntime = {
								enabled = 0;
							};
							com.apple.InAppPurchase = {
								enabled = 0;
							};
							com.apple.InterAppAudio = {
								enabled = 0;
							};
							com.apple.Push = {
								enabled = 0;
							};
							com.apple.Sandbox = {
								enabled = 0;
							};
						};
					};
					74F6FF4FB71E738082AE34EE = {
						SystemCapabilities = {
							com.apple.ApplicationGroups.iOS = {
								enabled = 0;
							};
							com.apple.HardenedRuntime = {
								enabled = 0;
							};
							com.apple.InAppPurchase = {
								enabled = 0;
							};
							com.apple.InterAppAudio = {
								enabled = 0;
							};
							com.apple.Push = {
								enabled = 0;
							};
							com.apple.Sandbox = {
								enabled = 0;
							};
						};
					};
					AED7FADFD67A21CB0B77296B = {
						SystemCapabilities = {
							com.apple.ApplicationGroups.iOS = {
								enabled = 0;
							};
							com.apple.HardenedRuntime = {
								enabled = 0;
							};
							com.apple.InAppPurchase = {
								enabled = 0;
							};
							com.apple.InterAppAudio = {
								enabled = 0;
							};
							com.apple.Push = {
								enabled = 0;
							};
							com.apple.Sandbox = {
								enabled = 0;
							};
						};
					};
					B2663CE0F2A726E408702A39 = {
						SystemCapabilities = {
							com.apple.ApplicationGroups.iOS = {
								enabled = 0;
							};
							com.apple.HardenedRuntime = {
								enabled = 0;
							};
							com.apple.InAppPurchase = {
								enabled = 0;
							};
							com.apple.InterAppAudio = {
								enabled = 0;
							};
							com.apple.Push = {
								enabled = 0;
							};
							com.apple.Sandbox = {
								enabled = 0;
							};
						};
					};
					F4BF6254E01B0729ECD0CBAB = {
						SystemCapabilities = {
							com.apple.ApplicationGroups.iOS = {
								enabled = 0;
							};
							com.apple.HardenedRuntime = {
								enabled = 0;
							};
							com.apple.InAppPurchase = {
								enabled = 0;
							};
							com.apple.InterAppAudio = {
								enabled = 0;
							};
							com.apple.Push = {
								enabled = 0;
							};
							com.apple.Sandbox = {
								enabled = 0;
							};
						};
					};
				};
			};
			buildConfigurationList = E7706FDA82B9A48FDDDBDE5D;
			compatibilityVersion = "Xcode 3.2";
			hasScannedForEncodings = 0;
			knownRegions = (
				en,
				Base,
			);
			mainGroup = D107EE9842B44626CE709BAC;
			projectDirPath = "";
			projectRoot = "";
			targets = (
				63D1FA0E07D76182D90507DF,
				74F6FF4FB71E738082AE34EE,
				AED7FADFD67A21CB0B77296B,
				B2663CE0F2A726E408702A39,
				3274D4AA8E9532485B8F931F,
				F4BF6254E01B0729ECD0CBAB,
			);
		};
/* End PBXProject section */

/* Begin PBXResourcesBuildPhase section */
		368F1D2E53650B7203DD66E9 = {
			isa = PBXResourcesBuildPhase;
			buildActionMask = 2147483647;
			files = (
				5EC5F793C6D346E8AA1784AB,
			);
			runOnlyForDeploymentPostprocessing = 0;
		};
		9A6EEDF0E0929F2650DD9160 = {
			isa = PBXResourcesBuildPhase;
			buildActionMask = 2147483647;
			files = (
				5EC5F793C6D346E8AA1784AB,
			);
			runOnlyForDeploymentPostprocessing = 0;
		};
		E6AA87AC1715EF75E65D0F92 = {
			isa = PBXResourcesBuildPhase;
			buildActionMask = 2147483647;
			files = (
				5EC5F793C6D346E8AA1784AB,
			);
			runOnlyForDeploymentPostprocessing = 0;
		};
/* End PBXResourcesBuildPhase section */

/* Begin PBXShellScriptBuildPhase section */
		5820D5795A0EB8E613F454CB /* Plugin Copy Step */ = {
			isa = PBXShellScriptBuildPhase;
			buildActionMask = 2147483647;
			files = (
			);
			runOnlyForDeploymentPostprocessing = 0;
			name = "Plugin Copy Step";
			alwaysOutOfDate = 1;
			shellPath = /bin/sh;
			shellScript = "set -euo pipefail\n\nif [[ \"${CONFIGURATION}\" == \"Debug\" ]]; then\n  destinationPlugin=\"${HOME}/Library/Audio/Plug-Ins/Components//$(basename \"${TARGET_BUILD_DIR}/${WRAPPER_NAME}\")\"\n  echo Running rm -rf \\\"${destinationPlugin}\\\"\n  rm -rf \"${destinationPlugin}\"\n  echo Running ditto \\\"${TARGET_BUILD_DIR}/${WRAPPER_NAME}\\\" \\\"${destinationPlugin}\\\"\n  ditto \"${TARGET_BUILD_DIR}/${WRAPPER_NAME}\" \"${destinationPlugin}\"\n\n  if [[ -n \"${EXPANDED_CODE_SIGN_IDENTITY-}\" ]]; then\n    if [[ -n \"${CODE_SIGN_ENTITLEMENTS-}\" ]]; then\n      entitlementsArg=(--entitlements \"${CODE_SIGN_ENTITLEMENTS}\")\n    fi\n\n    echo Signing Identity: \\\"${EXPANDED_CODE_SIGN_IDENTITY_NAME}\\\"\n    echo Running codesign --verbose=4 --force --sign \\\"${EXPANDED_CODE_SIGN_IDENTITY}\\\" ${entitlementsArg[*]-} ${OTHER_CODE_SIGN_FLAGS-} \\\"${HOME}/Library/Audio/Plug-Ins/Components//${WRAPPER_NAME}\\\"\n    codesign --verbose=4 --force --sign \"${EXPANDED_CODE_SIGN_IDENTITY}\" ${entitlementsArg[*]-} ${OTHER_CODE_SIGN_FLAGS-} \"${HOME}/Library/Audio/Plug-Ins/Components//${WRAPPER_NAME}\"\n  fi\nfi\n\nif [[ \"${CONFIGURATION}\" == \"Release\" ]]; then\n  destinationPlugin=\"${HOME}/Library/Audio/Plug-Ins/Components//$(basename \"${TARGET_BUILD_DIR}/${WRAPPER_NAME}\")\"\n  echo Running rm -rf \\\"${destinationPlugin}\\\"\n  rm -rf \"${destinationPlugin}\"\n  echo Running ditto \\\"${TARGET_BUILD_DIR}/${WRAPPER_NAME}\\\" \\\"${destinationPlugin}\\\"\n  ditto \"${TARGET_BUILD_DIR}/${WRAPPER_NAME}\" \"${destinationPlugin}\"\n\n  if [[ -n \"${EXPANDED_CODE_SIGN_IDENTITY-}\" ]]; then\n    if [[ -n \"${CODE_SIGN_ENTITLEMENTS-}\" ]]; then\n      entitlementsArg=(--entitlements \"${CODE_SIGN_ENTITLEMENTS}\")\n    fi\n\n    echo Signing Identity: \\\"${EXPANDED_CODE_SIGN_IDENTITY_NAME}\\\"\n    echo Running codesign --verbose=4 --force --sign \\\"${EXPANDED_CODE_SIGN_IDENTITY}\\\" ${entitlementsArg[*]-} ${OTHER_CODE_SIGN_FLAGS-} \\\"${HOME}/Library/Audio/Plug-Ins/Components//${WRAPPER_NAME}\\\"\n    codesign --verbose=4 --force --sign \"${EXPANDED_CODE_SIGN_IDENTITY}\" ${entitlementsArg[*]-} ${OTHER_CODE_SIGN_FLAGS-} \"${HOME}/Library/Audio/Plug-Ins/Components//${WRAPPER_NAME}\"\n  fi\nfi\n";
		};
		7F7AAF6C9D1B0D0287D02165 /* Update manifest */ = {
			isa = PBXShellScriptBuildPhase;
			buildActionMask = 2147483647;
			files = (
			);
			runOnlyForDeploymentPostprocessing = 0;
			name = "Update manifest";
			alwaysOutOfDate = 1;
			shellPath = /bin/sh;
			shellScript = "set -euo pipefail\n\necho Running \\\"${CONFIGURATION_BUILD_DIR}/juce_vst3_helper\\\" \\> \\\"${CONFIGURATION_BUILD_DIR}/${WRAPPER_NAME}/Contents/Resources/moduleinfo.json\\\"\n\"${CONFIGURATION_BUILD_DIR}/juce_vst3_helper\" > \"${CONFIGURATION_BUILD_DIR}/${WRAPPER_NAME}/Contents/Resources/moduleinfo.json\"\n";
		};
		B603DB802428BC617BCE5A4D /* Plugin Copy Step */ = {
			isa = PBXShellScriptBuildPhase;
			buildActionMask = 2147483647;
			files = (
			);
			runOnlyForDeploymentPostprocessing = 0;
			name = "Plugin Copy Step";
			alwaysOutOfDate = 1;
			shellPath = /bin/sh;
			shellScript = "set -euo pipefail\n\nif [[ \"${CONFIGURATION}\" == \"Debug\" ]]; then\n  destinationPlugin=\"${HOME}/Library/Audio/Plug-Ins/VST3//$(basename \"${TARGET_BUILD_DIR}/${WRAPPER_NAME}\")\"\n  echo Running rm -rf \\\"${destinationPlugin}\\\"\n  rm -rf \"${destinationPlugin}\"\n  echo Running ditto \\\"${TARGET_BUILD_DIR}/${WRAPPER_NAME}\\\" \\\"${destinationPlugin}\\\"\n  ditto \"${TARGET_BUILD_DIR}/${WRAPPER_NAME}\" \"${destinationPlugin}\"\n\n  if [[ -n \"${EXPANDED_CODE_SIGN_IDENTITY-}\" ]]; then\n    if [[ -n \"${CODE_SIGN_ENTITLEMENTS-}\" ]]; then\n      entitlementsArg=(--entitlements \"${CODE_SIGN_ENTITLEMENTS}\")\n    fi\n\n    echo Signing Identity: \\\"${EXPANDED_CODE_SIGN_IDENTITY_NAME}\\\"\n    echo Running codesign --verbose=4 --force --sign \\\"${EXPANDED_CODE_SIGN_IDENTITY}\\\" ${entitlementsArg[*]-} ${OTHER_CODE_SIGN_FLAGS-} \\\"${HOME}/Library/Audio/Plug-Ins/VST3//${WRAPPER_NAME}\\\"\n    codesign --verbose=4 --force --sign \"${EXPANDED_CODE_SIGN_IDENTITY}\" ${entitlementsArg[*]-} ${OTHER_CODE_SIGN_FLAGS-} \"${HOME}/Library/Audio/Plug-Ins/VST3//${WRAPPER_NAME}\"\n  fi\nfi\n\nif [[ \"${CONFIGURATION}\" == \"Release\" ]]; then\n  destinationPlugin=\"${HOME}/Library/Audio/Plug-Ins/VST3//$(basename \"${TARGET_BUILD_DIR}/${WRAPPER_NAME}\")\"\n  echo Running rm -rf \\\"${destinationPlugin}\\\"\n  rm -rf \"${destinationPlugin}\"\n  echo Running ditto \\\"${TARGET_BUILD_DIR}/${WRAPPER_NAME}\\\" \\\"${destinationPlugin}\\\"\n  ditto \"${TARGET_BUILD_DIR}/${WRAPPER_NAME}\" \"${destinationPlugin}\"\n\n  if [[ -n \"${EXPANDED_CODE_SIGN_IDENTITY-}\" ]]; then\n    if [[ -n \"${CODE_SIGN_ENTITLEMENTS-}\" ]]; then\n      entitlementsArg=(--entitlements \"${CODE_SIGN_ENTITLEMENTS}\")\n    fi\n\n    echo Signing Identity: \\\"${EXPANDED_CODE_SIGN_IDENTITY_NAME}\\\"\n    echo Running codesign --verbose=4 --force --sign \\\"${EXPANDED_CODE_SIGN_IDENTITY}\\\" ${entitlementsArg[*]-} ${OTHER_CODE_SIGN_FLAGS-} \\\"${HOME}/Library/Audio/Plug-Ins/VST3//${WRAPPER_NAME}\\\"\n    codesign --verbose=4 --force --sign \"${EXPANDED_CODE_SIGN_IDENTITY}\" ${entitlementsArg[*]-} ${OTHER_CODE_SIGN_FLAGS-} \"${HOME}/Library/Audio/Plug-Ins/VST3//${WRAPPER_NAME}\"\n  fi\nfi\n";
		};
/* End PBXShellScriptBuildPhase section */

/* Begin PBXSourcesBuildPhase section */
		425B555242180618ED4E577F = {
			isa = PBXSourcesBuildPhase;
			buildActionMask = 2147483647;
			files = (
				DA74E20C960A7074094FB992,
			);
			runOnlyForDeploymentPostprocessing = 0;
		};
		6AA3C4EF981B5EC06929C5DC = {
			isa = PBXSourcesBuildPhase;
			buildActionMask = 2147483647;
			files = (
				4AA3E0AAE37DBB944B465397,
			);
			runOnlyForDeploymentPostprocessing = 0;
		};
		77222562E918365A3BE333BE = {
			isa = PBXSourcesBuildPhase;
			buildActionMask = 2147483647;
			files = (
				9ED2140F01D0109906331BC4,
				842F133114332638B1744994,
			);
			runOnlyForDeploymentPostprocessing = 0;
		};
		A67AAF74243CB03A9B515134 = {
			isa = PBXSourcesBuildPhase;
			buildActionMask = 2147483647;
			files = (
				A466EEEA0A5D0A0DA43EF997,
				AED920406F1909EE3266E6E7,
				753F48BBEFB4AACFFE99D31C,
				840553ED9A2882519B3C1F30,
				62F80E21C495332F8BC5F1AC,
				7E7A76B536A5ACB064BA857D,
				B7DCFA4076A7E6B5783742BA,
				B6A9CC2313AE5444813B8F13,
				DEE5378A648D49B428294A7F,
				75AB6581D75A1CC8BD24B13E,
				E2A05644ED40D71E308AE414,
				8108C8A98008D917DF0BB1D4,
				B138E77C35F0FFFEC9F51D7D,
				C571AE19A7907FAD9B43E370,
				0CEC7B881F9DF70C80E2898E,
				7D03EAD7A03094C038819E0F,
				B628DE18AEA7905D709842BD,
				F4EE4A0E2B70547BFC9B8473,
				93BDC433917A5022A812B428,
				30E6CCCD09F464F501D20E5E,
				70A05A5A1BA17491E431A225,
				C2A9B514F1714BF972165311,
				57777823CA2FCC2D7FD8AFD5,
				2996A64EF1BDCAC6F9890237,
				0FD67D086D5919771AE00325,
				BB9E73E3E648E49A5F7035D8,
				0CB139B1B2D2FBB9B634B223,
				C29EA93F404259A46109976A,
			);
			runOnlyForDeploymentPostprocessing = 0;
		};
		C1B7FFFCF0BAF3A6E6DAE883 = {
			isa = PBXSourcesBuildPhase;
			buildActionMask = 2147483647;
			files = (
				EBFC1119424DD7EE180893F5,
			);
			runOnlyForDeploymentPostprocessing = 0;
		};
/* End PBXSourcesBuildPhase section */

/* Begin PBXTargetDependency section */
		290BE2F564D1EFCFC318AD8F = {
			isa = PBXTargetDependency;
			target = 3274D4AA8E9532485B8F931F;
		};
		828C6A2BBAC9C0DA80DF6D7F = {
			isa = PBXTargetDependency;
			target = AED7FADFD67A21CB0B77296B;
		};
		8FA67CA318B82CA1CD391B76 = {
			isa = PBXTargetDependency;
			target = 3274D4AA8E9532485B8F931F;
		};
		93FD5BF57A9FF8A23CCC2290 = {
			isa = PBXTargetDependency;
			target = 74F6FF4FB71E738082AE34EE;
		};
		ADCD443A8D422004A2D19F18 = {
			isa = PBXTargetDependency;
			target = F4BF6254E01B0729ECD0CBAB;
		};
		B96256AC5BC3F77B38CB0D17 = {
			isa = PBXTargetDependency;
			target = B2663CE0F2A726E408702A39;
		};
		BFD242ED6A5DAFDC5F1C4D8A = {
			isa = PBXTargetDependency;
			target = 3274D4AA8E9532485B8F931F;
		};
		DA1CE2EA27E7BC0D2853587B = {
			isa = PBXTargetDependency;
			target = F4BF6254E01B0729ECD0CBAB;
		};
		F804564143D39F676A7A5562 = {
			isa = PBXTargetDependency;
			target = 3274D4AA8E9532485B8F931F;
		};
/* End PBXTargetDependency section */

/* Begin XCBuildConfiguration section */
		37CA5EC71E10C46C33AEDB28 /* Release */ = {
			isa = XCBuildConfiguration;
			buildSettings = {
				ALWAYS_SEARCH_USER_PATHS = NO;
				CLANG_ENABLE_OBJC_WEAK = YES;
				CLANG_WARN_BLOCK_CAPTURE_AUTORELEASING = YES;
				CLANG_WARN_BOOL_CONVERSION = YES;
				CLANG_WARN_COMMA = YES;
				CLANG_WARN_CONSTANT_CONVERSION = YES;
				CLANG_WARN_DEPRECATED_OBJC_IMPLEMENTATIONS = YES;
				CLANG_WARN_EMPTY_BODY = YES;
				CLANG_WARN_ENUM_CONVERSION = YES;
				CLANG_WARN_INFINITE_RECURSION = YES;
				CLANG_WARN_INT_CONVERSION = YES;
				CLANG_WARN_NON_LITERAL_NULL_CONVERSION = YES;
				CLANG_WARN_OBJC_IMPLICIT_RETAIN_SELF = YES;
				CLANG_WARN_OBJC_LITERAL_CONVERSION = YES;
				CLANG_WARN_RANGE_LOOP_ANALYSIS = YES;
				CLANG_WARN_STRICT_PROTOTYPES = YES;
				CLANG_WARN_SUSPICIOUS_MOVE = YES;
				CLANG_WARN_UNREACHABLE_CODE = YES;
				CLANG_WARN__DUPLICATE_METHOD_MATCH = YES;
				DEBUG_INFORMATION_FORMAT = dwarf;
				ENABLE_STRICT_OBJC_MSGSEND = YES;
				ENABLE_TESTABILITY = NO;
				GCC_C_LANGUAGE_STANDARD = c11;
				GCC_INLINES_ARE_PRIVATE_EXTERN = YES;
				GCC_MODEL_TUNING = G5;
				GCC_NO_COMMON_BLOCKS = YES;
				GCC_SYMBOLS_PRIVATE_EXTERN = YES;
				GCC_WARN_64_TO_32_BIT_CONVERSION = YES;
				GCC_WARN_ABOUT_RETURN_TYPE = YES;
				GCC_WARN_CHECK_SWITCH_STATEMENTS = YES;
				GCC_WARN_MISSING_PARENTHESES = YES;
				GCC_WARN_NON_VIRTUAL_DESTRUCTOR = YES;
				GCC_WARN_TYPECHECK_CALLS_TO_PRINTF = YES;
				GCC_WARN_UNDECLARED_SELECTOR = YES;
				GCC_WARN_UNINITIALIZED_AUTOS = YES;
				GCC_WARN_UNUSED_FUNCTION = YES;
				GCC_WARN_UNUSED_VARIABLE = YES;
				OTHER_CODE_SIGN_FLAGS = --timestamp;
				PRODUCT_NAME = "Flauto paleolitico di Divije Babe";
				SDKROOT = macosx;
				WARNING_CFLAGS = "-Wreorder";
				ZERO_LINK = NO;
			};
			name = Release;
		};
		57479C39601785C31B69CACC /* Debug */ = {
			isa = XCBuildConfiguration;
			buildSettings = {
				ALWAYS_SEARCH_USER_PATHS = NO;
				CLANG_ENABLE_OBJC_WEAK = YES;
				CLANG_WARN_BLOCK_CAPTURE_AUTORELEASING = YES;
				CLANG_WARN_BOOL_CONVERSION = YES;
				CLANG_WARN_COMMA = YES;
				CLANG_WARN_CONSTANT_CONVERSION = YES;
				CLANG_WARN_DEPRECATED_OBJC_IMPLEMENTATIONS = YES;
				CLANG_WARN_EMPTY_BODY = YES;
				CLANG_WARN_ENUM_CONVERSION = YES;
				CLANG_WARN_INFINITE_RECURSION = YES;
				CLANG_WARN_INT_CONVERSION = YES;
				CLANG_WARN_NON_LITERAL_NULL_CONVERSION = YES;
				CLANG_WARN_OBJC_IMPLICIT_RETAIN_SELF = YES;
				CLANG_WARN_OBJC_LITERAL_CONVERSION = YES;
				CLANG_WARN_RANGE_LOOP_ANALYSIS = YES;
				CLANG_WARN_STRICT_PROTOTYPES = YES;
				CLANG_WARN_SUSPICIOUS_MOVE = YES;
				CLANG_WARN_UNREACHABLE_CODE = YES;
				CLANG_WARN__DUPLICATE_METHOD_MATCH = YES;
				DEBUG_INFORMATION_FORMAT = dwarf;
				ENABLE_STRICT_OBJC_MSGSEND = YES;
				ENABLE_TESTABILITY = NO;
				GCC_C_LANGUAGE_STANDARD = c11;
				GCC_INLINES_ARE_PRIVATE_EXTERN = YES;
				GCC_MODEL_TUNING = G5;
				GCC_NO_COMMON_BLOCKS = YES;
				GCC_SYMBOLS_PRIVATE_EXTERN = YES;
				GCC_WARN_64_TO_32_BIT_CONVERSION = YES;
				GCC_WARN_ABOUT_RETURN_TYPE = YES;
				GCC_WARN_CHECK_SWITCH_STATEMENTS = YES;
				GCC_WARN_MISSING_PARENTHESES = YES;
				GCC_WARN_NON_VIRTUAL_DESTRUCTOR = YES;
				GCC_WARN_TYPECHECK_CALLS_TO_PRINTF = YES;
				GCC_WARN_UNDECLARED_SELECTOR = YES;
				GCC_WARN_UNINITIALIZED_AUTOS = YES;
				GCC_WARN_UNUSED_FUNCTION = YES;
				GCC_WARN_UNUSED_VARIABLE = YES;
				ONLY_ACTIVE_ARCH = YES;
				OTHER_CODE_SIGN_FLAGS = --timestamp;
				PRODUCT_NAME = "Flauto paleolitico di Divije Babe";
				SDKROOT = macosx;
				WARNING_CFLAGS = "-Wreorder";
				ZERO_LINK = NO;
			};
			name = Debug;
		};
		6297327C0E8068E7B239CB98 /* Release */ = {
			isa = XCBuildConfiguration;
			buildSettings = {
				CLANG_CXX_LANGUAGE_STANDARD = "c++17";
				CLANG_CXX_LIBRARY = "libc++";
				CLANG_LINK_OBJC_RUNTIME = NO;
				COMBINE_HIDPI_IMAGES = YES;
				CONFIGURATION_BUILD_DIR = "$(PROJECT_DIR)/build/$(CONFIGURATION)";
				DEAD_CODE_STRIPPING = YES;
				EXCLUDED_ARCHS = "";
				GCC_GENERATE_DEBUGGING_SYMBOLS = NO;
				GCC_OPTIMIZATION_LEVEL = 3;
				GCC_PREPROCESSOR_DEFINITIONS = (
					"_NDEBUG=1",
					"NDEBUG=1",
					"JUCER_XCODE_MAC_F6D2F4CF=1",
					"JUCE_APP_VERSION=0.0.1",
					"JUCE_APP_VERSION_HEX=0x1",
					"JucePlugin_Build_VST=0",
					"JucePlugin_Build_VST3=1",
					"JucePlugin_Build_AU=0",
					"JucePlugin_Build_AUv3=0",
					"JucePlugin_Build_AAX=0",
					"JucePlugin_Build_Standalone=0",
					"JucePlugin_Build_Unity=0",
					"JucePlugin_Build_LV2=0",
				);
				GCC_VERSION = com.apple.compilers.llvm.clang.1_0;
				GENERATE_PKGINFO_FILE = YES;
				HEADER_SEARCH_PATHS = (
					"$(SRCROOT)/../../JUCE/modules/juce_audio_processors_headless/format_types/VST3_SDK",
					"$(SRCROOT)/../../JuceLibraryCode",
					"$(SRCROOT)/../../JUCE/modules",
					"$(SRCROOT)/../../JUCE/modules/juce_audio_plugin_client/AU",
					"$(inherited)",
				);
				INFOPLIST_FILE = Info-VST3.plist;
				INFOPLIST_PREPROCESS = NO;
				INSTALL_PATH = "$(HOME)/Library/Audio/Plug-Ins/VST3/";
				LIBRARY_STYLE = Bundle;
				LLVM_LTO = YES;
				MACOSX_DEPLOYMENT_TARGET = 10.13;
				MTL_HEADER_SEARCH_PATHS = "$(SRCROOT)/../../JUCE/modules/juce_audio_processors_headless/format_types/VST3_SDK $(SRCROOT)/../../JuceLibraryCode $(SRCROOT)/../../JUCE/modules $(SRCROOT)/../../JUCE/modules/juce_audio_plugin_client/AU";
				OTHER_LDFLAGS = "-bundle -lFlauto\\ paleolitico\\ di\\ Divije\\ Babe";
				PRODUCT_BUNDLE_IDENTIFIER = com.AnemosMusic.FlautopaleoliticodiDivijeBabe;
				PRODUCT_NAME = "Flauto paleolitico di Divije Babe";
				USE_HEADERMAP = NO;
				VALIDATE_WORKSPACE_SKIPPED_SDK_FRAMEWORKS = OpenGL;
				VALID_ARCHS = "i386 x86_64 arm64 arm64e";
				WRAPPER_EXTENSION = vst3;
			};
			name = Release;
		};
		62E6A95F65091D375743CF63 /* Release */ = {
			isa = XCBuildConfiguration;
			buildSettings = {
				CLANG_CXX_LANGUAGE_STANDARD = "c++17";
				CLANG_CXX_LIBRARY = "libc++";
				CLANG_LINK_OBJC_RUNTIME = NO;
				COMBINE_HIDPI_IMAGES = YES;
				CONFIGURATION_BUILD_DIR = "$(PROJECT_DIR)/build/$(CONFIGURATION)";
				DEAD_CODE_STRIPPING = YES;
				EXCLUDED_ARCHS = "";
				GCC_GENERATE_DEBUGGING_SYMBOLS = NO;
				GCC_OPTIMIZATION_LEVEL = 3;
				GCC_PREPROCESSOR_DEFINITIONS = (
					"_NDEBUG=1",
					"NDEBUG=1",
					"JUCER_XCODE_MAC_F6D2F4CF=1",
					"JUCE_APP_VERSION=0.0.1",
					"JUCE_APP_VERSION_HEX=0x1",
					"JucePlugin_Build_VST=0",
					"JucePlugin_Build_VST3=1",
					"JucePlugin_Build_AU=1",
					"JucePlugin_Build_AUv3=0",
					"JucePlugin_Build_AAX=0",
					"JucePlugin_Build_Standalone=1",
					"JucePlugin_Build_Unity=0",
					"JucePlugin_Build_LV2=0",
					"JUCE_SHARED_CODE=1",
				);
				GCC_VERSION = com.apple.compilers.llvm.clang.1_0;
				HEADER_SEARCH_PATHS = (
					"$(SRCROOT)/../../JUCE/modules/juce_audio_processors_headless/format_types/VST3_SDK",
					"$(SRCROOT)/../../JuceLibraryCode",
					"$(SRCROOT)/../../JUCE/modules",
					"$(SRCROOT)/../../JUCE/modules/juce_audio_plugin_client/AU",
					"$(inherited)",
				);
				INSTALL_PATH = "@executable_path/../Frameworks";
				LLVM_LTO = YES;
				MACOSX_DEPLOYMENT_TARGET = 10.13;
				MTL_HEADER_SEARCH_PATHS = "$(SRCROOT)/../../JUCE/modules/juce_audio_processors_headless/format_types/VST3_SDK $(SRCROOT)/../../JuceLibraryCode $(SRCROOT)/../../JUCE/modules $(SRCROOT)/../../JUCE/modules/juce_audio_plugin_client/AU";
				PRODUCT_BUNDLE_IDENTIFIER = com.AnemosMusic.FlautopaleoliticodiDivijeBabe;
				PRODUCT_NAME = "Flauto paleolitico di Divije Babe";
				SKIP_INSTALL = YES;
				USE_HEADERMAP = NO;
				VALIDATE_WORKSPACE_SKIPPED_SDK_FRAMEWORKS = OpenGL;
				VALID_ARCHS = "i386 x86_64 arm64 arm64e";
			};
			name = Release;
		};
		72EB89D3AD4E476973A461E6 /* Release */ = {
			isa = XCBuildConfiguration;
			buildSettings = {
				CLANG_CXX_LANGUAGE_STANDARD = "c++17";
				CLANG_CXX_LIBRARY = "libc++";
				CLANG_LINK_OBJC_RUNTIME = NO;
				COMBINE_HIDPI_IMAGES = YES;
				CONFIGURATION_BUILD_DIR = "$(PROJECT_DIR)/build/$(CONFIGURATION)";
				DEAD_CODE_STRIPPING = YES;
				EXCLUDED_ARCHS = "";
				GCC_GENERATE_DEBUGGING_SYMBOLS = NO;
				GCC_OPTIMIZATION_LEVEL = 3;
				GCC_PREPROCESSOR_DEFINITIONS = (
					"_NDEBUG=1",
					"NDEBUG=1",
					"JUCER_XCODE_MAC_F6D2F4CF=1",
					"JUCE_APP_VERSION=0.0.1",
					"JUCE_APP_VERSION_HEX=0x1",
					"JucePlugin_Build_VST=0",
					"JucePlugin_Build_VST3=0",
					"JucePlugin_Build_AU=1",
					"JucePlugin_Build_AUv3=0",
					"JucePlugin_Build_AAX=0",
					"JucePlugin_Build_Standalone=0",
					"JucePlugin_Build_Unity=0",
					"JucePlugin_Build_LV2=0",
				);
				GCC_VERSION = com.apple.compilers.llvm.clang.1_0;
				GENERATE_PKGINFO_FILE = YES;
				HEADER_SEARCH_PATHS = (
					"$(SRCROOT)/../../JUCE/modules/juce_audio_processors_headless/format_types/VST3_SDK",
					"$(SRCROOT)/../../JuceLibraryCode",
					"$(SRCROOT)/../../JUCE/modules",
					"$(SRCROOT)/../../JUCE/modules/juce_audio_plugin_client/AU",
					"$(inherited)",
				);
				INFOPLIST_FILE = Info-AU.plist;
				INFOPLIST_PREPROCESS = NO;
				INSTALL_PATH = "$(HOME)/Library/Audio/Plug-Ins/Components/";
				LIBRARY_STYLE = Bundle;
				LLVM_LTO = YES;
				MACOSX_DEPLOYMENT_TARGET = 10.13;
				MTL_HEADER_SEARCH_PATHS = "$(SRCROOT)/../../JUCE/modules/juce_audio_processors_headless/format_types/VST3_SDK $(SRCROOT)/../../JuceLibraryCode $(SRCROOT)/../../JUCE/modules $(SRCROOT)/../../JUCE/modules/juce_audio_plugin_client/AU";
				OTHER_LDFLAGS = "-bundle -lFlauto\\ paleolitico\\ di\\ Divije\\ Babe";
				OTHER_REZFLAGS = "-d ppc_$ppc -d i386_$i386 -d ppc64_$ppc64 -d x86_64_$x86_64 -d arm64_$arm64 -I /System/Library/Frameworks/CoreServices.framework/Frameworks/CarbonCore.framework/Versions/A/Headers -I \"$(DEVELOPER_DIR)/Extras/CoreAudio/AudioUnits/AUPublic/AUBase\" -I \"$(DEVELOPER_DIR)/Platforms/MacOSX.platform/Developer/SDKs/MacOSX.sdk/System/Library/Frameworks/AudioUnit.framework/Headers\"";
				PRODUCT_BUNDLE_IDENTIFIER = com.AnemosMusic.FlautopaleoliticodiDivijeBabe;
				PRODUCT_NAME = "Flauto paleolitico di Divije Babe";
				USE_HEADERMAP = NO;
				VALIDATE_WORKSPACE_SKIPPED_SDK_FRAMEWORKS = OpenGL;
				VALID_ARCHS = "i386 x86_64 arm64 arm64e";
				WRAPPER_EXTENSION = component;
			};
			name = Release;
		};
		878DF18CDF30988167546CEE /* Debug */ = {
			isa = XCBuildConfiguration;
			buildSettings = {
				CLANG_CXX_LANGUAGE_STANDARD = "c++17";
				CLANG_CXX_LIBRARY = "libc++";
				CLANG_LINK_OBJC_RUNTIME = NO;
				COMBINE_HIDPI_IMAGES = YES;
				CONFIGURATION_BUILD_DIR = "$(PROJECT_DIR)/build/$(CONFIGURATION)";
				COPY_PHASE_STRIP = NO;
				EXCLUDED_ARCHS = "";
				GCC_DYNAMIC_NO_PIC = NO;
				GCC_OPTIMIZATION_LEVEL = 0;
				GCC_PREPROCESSOR_DEFINITIONS = (
					"_DEBUG=1",
					"DEBUG=1",
					"JUCER_XCODE_MAC_F6D2F4CF=1",
					"JUCE_APP_VERSION=0.0.1",
					"JUCE_APP_VERSION_HEX=0x1",
					"JucePlugin_Build_VST=0",
					"JucePlugin_Build_VST3=0",
					"JucePlugin_Build_AU=0",
					"JucePlugin_Build_AUv3=0",
					"JucePlugin_Build_AAX=0",
					"JucePlugin_Build_Standalone=1",
					"JucePlugin_Build_Unity=0",
					"JucePlugin_Build_LV2=0",
				);
				GCC_VERSION = com.apple.compilers.llvm.clang.1_0;
				HEADER_SEARCH_PATHS = (
					"$(SRCROOT)/../../JUCE/modules/juce_audio_processors_headless/format_types/VST3_SDK",
					"$(SRCROOT)/../../JuceLibraryCode",
					"$(SRCROOT)/../../JUCE/modules",
					"$(SRCROOT)/../../JUCE/modules/juce_audio_plugin_client/AU",
					"$(inherited)",
				);
				INFOPLIST_FILE = Info-Standalone_Plugin.plist;
				INFOPLIST_PREPROCESS = NO;
				MACOSX_DEPLOYMENT_TARGET = 10.13;
				MTL_HEADER_SEARCH_PATHS = "$(SRCROOT)/../../JUCE/modules/juce_audio_processors_headless/format_types/VST3_SDK $(SRCROOT)/../../JuceLibraryCode $(SRCROOT)/../../JUCE/modules $(SRCROOT)/../../JUCE/modules/juce_audio_plugin_client/AU";
				OTHER_LDFLAGS = "-lFlauto\\ paleolitico\\ di\\ Divije\\ Babe";
				PRODUCT_BUNDLE_IDENTIFIER = com.AnemosMusic.FlautopaleoliticodiDivijeBabe;
				PRODUCT_NAME = "Flauto paleolitico di Divije Babe";
				USE_HEADERMAP = NO;
				VALIDATE_WORKSPACE_SKIPPED_SDK_FRAMEWORKS = OpenGL;
				VALID_ARCHS = "i386 x86_64 arm64 arm64e";
			};
			name = Debug;
		};
		A32ADC9E8E856A80552D1E26 /* Release */ = {
			isa = XCBuildConfiguration;
			buildSettings = {
				CLANG_CXX_LANGUAGE_STANDARD = "c++17";
				CLANG_CXX_LIBRARY = "libc++";
				CLANG_LINK_OBJC_RUNTIME = NO;
				COMBINE_HIDPI_IMAGES = YES;
				CONFIGURATION_BUILD_DIR = "$(PROJECT_DIR)/build/$(CONFIGURATION)";
				DEAD_CODE_STRIPPING = YES;
				EXCLUDED_ARCHS = "";
				GCC_GENERATE_DEBUGGING_SYMBOLS = NO;
				GCC_OPTIMIZATION_LEVEL = 3;
				GCC_PREPROCESSOR_DEFINITIONS = (
					"_NDEBUG=1",
					"NDEBUG=1",
					"JUCER_XCODE_MAC_F6D2F4CF=1",
					"JUCE_APP_VERSION=0.0.1",
					"JUCE_APP_VERSION_HEX=0x1",
					"JucePlugin_Build_VST=0",
					"JucePlugin_Build_VST3=0",
					"JucePlugin_Build_AU=0",
					"JucePlugin_Build_AUv3=0",
					"JucePlugin_Build_AAX=0",
					"JucePlugin_Build_Standalone=1",
					"JucePlugin_Build_Unity=0",
					"JucePlugin_Build_LV2=0",
				);
				GCC_VERSION = com.apple.compilers.llvm.clang.1_0;
				HEADER_SEARCH_PATHS = (
					"$(SRCROOT)/../../JUCE/modules/juce_audio_processors_headless/format_types/VST3_SDK",
					"$(SRCROOT)/../../JuceLibraryCode",
					"$(SRCROOT)/../../JUCE/modules",
					"$(SRCROOT)/../../JUCE/modules/juce_audio_plugin_client/AU",
					"$(inherited)",
				);
				INFOPLIST_FILE = Info-Standalone_Plugin.plist;
				INFOPLIST_PREPROCESS = NO;
				LLVM_LTO = YES;
				MACOSX_DEPLOYMENT_TARGET = 10.13;
				MTL_HEADER_SEARCH_PATHS = "$(SRCROOT)/../../JUCE/modules/juce_audio_processors_headless/format_types/VST3_SDK $(SRCROOT)/../../JuceLibraryCode $(SRCROOT)/../../JUCE/modules $(SRCROOT)/../../JUCE/modules/juce_audio_plugin_client/AU";
				OTHER_LDFLAGS = "-lFlauto\\ paleolitico\\ di\\ Divije\\ Babe";
				PRODUCT_BUNDLE_IDENTIFIER = com.AnemosMusic.FlautopaleoliticodiDivijeBabe;
				PRODUCT_NAME = "Flauto paleolitico di Divije Babe";
				USE_HEADERMAP = NO;
				VALIDATE_WORKSPACE_SKIPPED_SDK_FRAMEWORKS = OpenGL;
				VALID_ARCHS = "i386 x86_64 arm64 arm64e";
			};
			name = Release;
		};
		A853C37B49C0008288F3C2B6 /* Release */ = {
			isa = XCBuildConfiguration;
			buildSettings = {
				CLANG_CXX_LANGUAGE_STANDARD = "c++17";
				CLANG_CXX_LIBRARY = "libc++";
				CLANG_LINK_OBJC_RUNTIME = NO;
				COMBINE_HIDPI_IMAGES = YES;
				CONFIGURATION_BUILD_DIR = "$(PROJECT_DIR)/build/$(CONFIGURATION)";
				DEAD_CODE_STRIPPING = YES;
				EXCLUDED_ARCHS = "";
				GCC_GENERATE_DEBUGGING_SYMBOLS = NO;
				GCC_OPTIMIZATION_LEVEL = 3;
				GCC_PREPROCESSOR_DEFINITIONS = (
					"_NDEBUG=1",
					"NDEBUG=1",
					"JUCER_XCODE_MAC_F6D2F4CF=1",
					"JUCE_APP_VERSION=0.0.1",
					"JUCE_APP_VERSION_HEX=0x1",
					"JucePlugin_Build_VST=0",
					"JucePlugin_Build_VST3=0",
					"JucePlugin_Build_AU=0",
					"JucePlugin_Build_AUv3=0",
					"JucePlugin_Build_AAX=0",
					"JucePlugin_Build_Standalone=0",
					"JucePlugin_Build_Unity=0",
					"JucePlugin_Build_LV2=0",
				);
				GCC_VERSION = com.apple.compilers.llvm.clang.1_0;
				HEADER_SEARCH_PATHS = (
					"$(SRCROOT)/../../JUCE/modules/juce_audio_processors_headless/format_types/VST3_SDK",
					"$(SRCROOT)/../../JuceLibraryCode",
					"$(SRCROOT)/../../JUCE/modules",
					"$(SRCROOT)/../../JUCE/modules/juce_audio_plugin_client/AU",
					"$(inherited)",
				);
				INFOPLIST_FILE = Info-VST3_Manifest_Helper.plist;
				INFOPLIST_PREPROCESS = NO;
				LLVM_LTO = YES;
				MACOSX_DEPLOYMENT_TARGET = 10.13;
				MTL_HEADER_SEARCH_PATHS = "$(SRCROOT)/../../JUCE/modules/juce_audio_processors_headless/format_types/VST3_SDK $(SRCROOT)/../../JuceLibraryCode $(SRCROOT)/../../JUCE/modules $(SRCROOT)/../../JUCE/modules/juce_audio_plugin_client/AU";
				PRODUCT_BUNDLE_IDENTIFIER = com.AnemosMusic.FlautopaleoliticodiDivijeBabe;
				PRODUCT_NAME = "juce_vst3_helper";
				USE_HEADERMAP = NO;
				VALIDATE_WORKSPACE_SKIPPED_SDK_FRAMEWORKS = OpenGL;
				VALID_ARCHS = "i386 x86_64 arm64 arm64e";
			};
			name = Release;
		};
		B1F6EFBC528544EF8FE808DF /* Debug */ = {
			isa = XCBuildConfiguration;
			buildSettings = {
				MACOSX_DEPLOYMENT_TARGET = 10.13;
				SDKROOT = macosx;
			};
			name = Debug;
		};
		C89DA9C237A6CB2211800781 /* Debug */ = {
			isa = XCBuildConfiguration;
			buildSettings = {
				CLANG_CXX_LANGUAGE_STANDARD = "c++17";
				CLANG_CXX_LIBRARY = "libc++";
				CLANG_LINK_OBJC_RUNTIME = NO;
				COMBINE_HIDPI_IMAGES = YES;
				CONFIGURATION_BUILD_DIR = "$(PROJECT_DIR)/build/$(CONFIGURATION)";
				COPY_PHASE_STRIP = NO;
				EXCLUDED_ARCHS = "";
				GCC_DYNAMIC_NO_PIC = NO;
				GCC_OPTIMIZATION_LEVEL = 0;
				GCC_PREPROCESSOR_DEFINITIONS = (
					"_DEBUG=1",
					"DEBUG=1",
					"JUCER_XCODE_MAC_F6D2F4CF=1",
					"JUCE_APP_VERSION=0.0.1",
					"JUCE_APP_VERSION_HEX=0x1",
					"JucePlugin_Build_VST=0",
					"JucePlugin_Build_VST3=0",
					"JucePlugin_Build_AU=0",
					"JucePlugin_Build_AUv3=0",
					"JucePlugin_Build_AAX=0",
					"JucePlugin_Build_Standalone=0",
					"JucePlugin_Build_Unity=0",
					"JucePlugin_Build_LV2=0",
				);
				GCC_VERSION = com.apple.compilers.llvm.clang.1_0;
				HEADER_SEARCH_PATHS = (
					"$(SRCROOT)/../../JUCE/modules/juce_audio_processors_headless/format_types/VST3_SDK",
					"$(SRCROOT)/../../JuceLibraryCode",
					"$(SRCROOT)/../../JUCE/modules",
					"$(SRCROOT)/../../JUCE/modules/juce_audio_plugin_client/AU",
					"$(inherited)",
				);
				INFOPLIST_FILE = Info-VST3_Manifest_Helper.plist;
				INFOPLIST_PREPROCESS = NO;
				MACOSX_DEPLOYMENT_TARGET = 10.13;
				MTL_HEADER_SEARCH_PATHS = "$(SRCROOT)/../../JUCE/modules/juce_audio_processors_headless/format_types/VST3_SDK $(SRCROOT)/../../JuceLibraryCode $(SRCROOT)/../../JUCE/modules $(SRCROOT)/../../JUCE/modules/juce_audio_plugin_client/AU";
				PRODUCT_BUNDLE_IDENTIFIER = com.AnemosMusic.FlautopaleoliticodiDivijeBabe;
				PRODUCT_NAME = "juce_vst3_helper";
				USE_HEADERMAP = NO;
				VALIDATE_WORKSPACE_SKIPPED_SDK_FRAMEWORKS = OpenGL;
				VALID_ARCHS = "i386 x86_64 arm64 arm64e";
			};
			name = Debug;
		};
		DC8DDD89CBC0FF3B91D71AA0 /* Debug */ = {
			isa = XCBuildConfiguration;
			buildSettings = {
				CLANG_CXX_LANGUAGE_STANDARD = "c++17";
				CLANG_CXX_LIBRARY = "libc++";
				CLANG_LINK_OBJC_RUNTIME = NO;
				COMBINE_HIDPI_IMAGES = YES;
				CONFIGURATION_BUILD_DIR = "$(PROJECT_DIR)/build/$(CONFIGURATION)";
				COPY_PHASE_STRIP = NO;
				EXCLUDED_ARCHS = "";
				GCC_DYNAMIC_NO_PIC = NO;
				GCC_OPTIMIZATION_LEVEL = 0;
				GCC_PREPROCESSOR_DEFINITIONS = (
					"_DEBUG=1",
					"DEBUG=1",
					"JUCER_XCODE_MAC_F6D2F4CF=1",
					"JUCE_APP_VERSION=0.0.1",
					"JUCE_APP_VERSION_HEX=0x1",
					"JucePlugin_Build_VST=0",
					"JucePlugin_Build_VST3=0",
					"JucePlugin_Build_AU=1",
					"JucePlugin_Build_AUv3=0",
					"JucePlugin_Build_AAX=0",
					"JucePlugin_Build_Standalone=0",
					"JucePlugin_Build_Unity=0",
					"JucePlugin_Build_LV2=0",
				);
				GCC_VERSION = com.apple.compilers.llvm.clang.1_0;
				GENERATE_PKGINFO_FILE = YES;
				HEADER_SEARCH_PATHS = (
					"$(SRCROOT)/../../JUCE/modules/juce_audio_processors_headless/format_types/VST3_SDK",
					"$(SRCROOT)/../../JuceLibraryCode",
					"$(SRCROOT)/../../JUCE/modules",
					"$(SRCROOT)/../../JUCE/modules/juce_audio_plugin_client/AU",
					"$(inherited)",
				);
				INFOPLIST_FILE = Info-AU.plist;
				INFOPLIST_PREPROCESS = NO;
				INSTALL_PATH = "$(HOME)/Library/Audio/Plug-Ins/Components/";
				LIBRARY_STYLE = Bundle;
				MACOSX_DEPLOYMENT_TARGET = 10.13;
				MTL_HEADER_SEARCH_PATHS = "$(SRCROOT)/../../JUCE/modules/juce_audio_processors_headless/format_types/VST3_SDK $(SRCROOT)/../../JuceLibraryCode $(SRCROOT)/../../JUCE/modules $(SRCROOT)/../../JUCE/modules/juce_audio_plugin_client/AU";
				OTHER_LDFLAGS = "-bundle -lFlauto\\ paleolitico\\ di\\ Divije\\ Babe";
				OTHER_REZFLAGS = "-d ppc_$ppc -d i386_$i386 -d ppc64_$ppc64 -d x86_64_$x86_64 -d arm64_$arm64 -I /System/Library/Frameworks/CoreServices.framework/Frameworks/CarbonCore.framework/Versions/A/Headers -I \"$(DEVELOPER_DIR)/Extras/CoreAudio/AudioUnits/AUPublic/AUBase\" -I \"$(DEVELOPER_DIR)/Platforms/MacOSX.platform/Developer/SDKs/MacOSX.sdk/System/Library/Frameworks/AudioUnit.framework/Headers\"";
				PRODUCT_BUNDLE_IDENTIFIER = com.AnemosMusic.FlautopaleoliticodiDivijeBabe;
				PRODUCT_NAME = "Flauto paleolitico di Divije Babe";
				USE_HEADERMAP = NO;
				VALIDATE_WORKSPACE_SKIPPED_SDK_FRAMEWORKS = OpenGL;
				VALID_ARCHS = "i386 x86_64 arm64 arm64e";
				WRAPPER_EXTENSION = component;
			};
			name = Debug;
		};
		E2105D40F3380BF57F8887A4 /* Debug */ = {
			isa = XCBuildConfiguration;
			buildSettings = {
				CLANG_CXX_LANGUAGE_STANDARD = "c++17";
				CLANG_CXX_LIBRARY = "libc++";
				CLANG_LINK_OBJC_RUNTIME = NO;
				COMBINE_HIDPI_IMAGES = YES;
				CONFIGURATION_BUILD_DIR = "$(PROJECT_DIR)/build/$(CONFIGURATION)";
				COPY_PHASE_STRIP = NO;
				EXCLUDED_ARCHS = "";
				GCC_DYNAMIC_NO_PIC = NO;
				GCC_OPTIMIZATION_LEVEL = 0;
				GCC_PREPROCESSOR_DEFINITIONS = (
					"_DEBUG=1",
					"DEBUG=1",
					"JUCER_XCODE_MAC_F6D2F4CF=1",
					"JUCE_APP_VERSION=0.0.1",
					"JUCE_APP_VERSION_HEX=0x1",
					"JucePlugin_Build_VST=0",
					"JucePlugin_Build_VST3=1",
					"JucePlugin_Build_AU=0",
					"JucePlugin_Build_AUv3=0",
					"JucePlugin_Build_AAX=0",
					"JucePlugin_Build_Standalone=0",
					"JucePlugin_Build_Unity=0",
					"JucePlugin_Build_LV2=0",
				);
				GCC_VERSION = com.apple.compilers.llvm.clang.1_0;
				GENERATE_PKGINFO_FILE = YES;
				HEADER_SEARCH_PATHS = (
					"$(SRCROOT)/../../JUCE/modules/juce_audio_processors_headless/format_types/VST3_SDK",
					"$(SRCROOT)/../../JuceLibraryCode",
					"$(SRCROOT)/../../JUCE/modules",
					"$(SRCROOT)/../../JUCE/modules/juce_audio_plugin_client/AU",
					"$(inherited)",
				);
				INFOPLIST_FILE = Info-VST3.plist;
				INFOPLIST_PREPROCESS = NO;
				INSTALL_PATH = "$(HOME)/Library/Audio/Plug-Ins/VST3/";
				LIBRARY_STYLE = Bundle;
				MACOSX_DEPLOYMENT_TARGET = 10.13;
				MTL_HEADER_SEARCH_PATHS = "$(SRCROOT)/../../JUCE/modules/juce_audio_processors_headless/format_types/VST3_SDK $(SRCROOT)/../../JuceLibraryCode $(SRCROOT)/../../JUCE/modules $(SRCROOT)/../../JUCE/modules/juce_audio_plugin_client/AU";
				OTHER_LDFLAGS = "-bundle -lFlauto\\ paleolitico\\ di\\ Divije\\ Babe";
				PRODUCT_BUNDLE_IDENTIFIER = com.AnemosMusic.FlautopaleoliticodiDivijeBabe;
				PRODUCT_NAME = "Flauto paleolitico di Divije Babe";
				USE_HEADERMAP = NO;
				VALIDATE_WORKSPACE_SKIPPED_SDK_FRAMEWORKS = OpenGL;
				VALID_ARCHS = "i386 x86_64 arm64 arm64e";
				WRAPPER_EXTENSION = vst3;
			};
			name = Debug;
		};
		F27702F77F8D63AF23BA5A4A /* Release */ = {
			isa = XCBuildConfiguration;
			buildSettings = {
				MACOSX_DEPLOYMENT_TARGET = 10.13;
				SDKROOT = macosx;
			};
			name = Release;
		};
		F3705B0CCC8F83EB72E64E08 /* Debug */ = {
			isa = XCBuildConfiguration;
			buildSettings = {
				CLANG_CXX_LANGUAGE_STANDARD = "c++17";
				CLANG_CXX_LIBRARY = "libc++";
				CLANG_LINK_OBJC_RUNTIME = NO;
				COMBINE_HIDPI_IMAGES = YES;
				CONFIGURATION_BUILD_DIR = "$(PROJECT_DIR)/build/$(CONFIGURATION)";
				COPY_PHASE_STRIP = NO;
				EXCLUDED_ARCHS = "";
				GCC_DYNAMIC_NO_PIC = NO;
				GCC_OPTIMIZATION_LEVEL = 0;
				GCC_PREPROCESSOR_DEFINITIONS = (
					"_DEBUG=1",
					"DEBUG=1",
					"JUCER_XCODE_MAC_F6D2F4CF=1",
					"JUCE_APP_VERSION=0.0.1",
					"JUCE_APP_VERSION_HEX=0x1",
					"JucePlugin_Build_VST=0",
					"JucePlugin_Build_VST3=1",
					"JucePlugin_Build_AU=1",
					"JucePlugin_Build_AUv3=0",
					"JucePlugin_Build_AAX=0",
					"JucePlugin_Build_Standalone=1",
					"JucePlugin_Build_Unity=0",
					"JucePlugin_Build_LV2=0",
					"JUCE_SHARED_CODE=1",
				);
				GCC_VERSION = com.apple.compilers.llvm.clang.1_0;
				HEADER_SEARCH_PATHS = (
					"$(SRCROOT)/../../JUCE/modules/juce_audio_processors_headless/format_types/VST3_SDK",
					"$(SRCROOT)/../../JuceLibraryCode",
					"$(SRCROOT)/../../JUCE/modules",
					"$(SRCROOT)/../../JUCE/modules/juce_audio_plugin_client/AU",
					"$(inherited)",
				);
				INSTALL_PATH = "@executable_path/../Frameworks";
				MACOSX_DEPLOYMENT_TARGET = 10.13;
				MTL_HEADER_SEARCH_PATHS = "$(SRCROOT)/../../JUCE/modules/juce_audio_processors_headless/format_types/VST3_SDK $(SRCROOT)/../../JuceLibraryCode $(SRCROOT)/../../JUCE/modules $(SRCROOT)/../../JUCE/modules/juce_audio_plugin_client/AU";
				PRODUCT_BUNDLE_IDENTIFIER = com.AnemosMusic.FlautopaleoliticodiDivijeBabe;
				PRODUCT_NAME = "Flauto paleolitico di Divije Babe";
				SKIP_INSTALL = YES;
				USE_HEADERMAP = NO;
				VALIDATE_WORKSPACE_SKIPPED_SDK_FRAMEWORKS = OpenGL;
				VALID_ARCHS = "i386 x86_64 arm64 arm64e";
			};
			name = Debug;
		};
/* End XCBuildConfiguration section */

/* Begin XCConfigurationList section */
		0ED157F37746DB89C9E2A624 = {
			isa = XCConfigurationList;
			buildConfigurations = (
				F3705B0CCC8F83EB72E64E08,
				62E6A95F65091D375743CF63,
			);
			defaultConfigurationIsVisible = 0;
			defaultConfigurationName = Debug;
		};
		395DC88C64360C0435FD61F0 = {
			isa = XCConfigurationList;
			buildConfigurations = (
				878DF18CDF30988167546CEE,
				A32ADC9E8E856A80552D1E26,
			);
			defaultConfigurationIsVisible = 0;
			defaultConfigurationName = Debug;
		};
		462FCF9CA9B80F301B003CD4 = {
			isa = XCConfigurationList;
			buildConfigurations = (
				B1F6EFBC528544EF8FE808DF,
				F27702F77F8D63AF23BA5A4A,
			);
			defaultConfigurationIsVisible = 0;
			defaultConfigurationName = Debug;
		};
		CFE1535B922A0CC2F17FA848 = {
			isa = XCConfigurationList;
			buildConfigurations = (
				C89DA9C237A6CB2211800781,
				A853C37B49C0008288F3C2B6,
			);
			defaultConfigurationIsVisible = 0;
			defaultConfigurationName = Debug;
		};
		D9014FF9344D391D3AD7D731 = {
			isa = XCConfigurationList;
			buildConfigurations = (
				E2105D40F3380BF57F8887A4,
				6297327C0E8068E7B239CB98,
			);
			defaultConfigurationIsVisible = 0;
			defaultConfigurationName = Debug;
		};
		E7706FDA82B9A48FDDDBDE5D = {
			isa = XCConfigurationList;
			buildConfigurations = (
				37CA5EC71E10C46C33AEDB28,
				57479C39601785C31B69CACC,
			);
			defaultConfigurationIsVisible = 0;
			defaultConfigurationName = Debug;
		};
		F13BBC9B9A1BFE3C7A4C2E3F = {
			isa = XCConfigurationList;
			buildConfigurations = (
				DC8DDD89CBC0FF3B91D71AA0,
				72EB89D3AD4E476973A461E6,
			);
			defaultConfigurationIsVisible = 0;
			defaultConfigurationName = Debug;
		};
/* End XCConfigurationList section */
	};
	rootObject = BB5E3C8DE7B9C40159CD691A /* Project object */;
}
